// !$*UTF8*$!
{
	archiveVersion = 1;
	classes = {
	};
	objectVersion = 46;
	objects = {

/* Begin PBXBuildFile section */
		8A04AF0219C5D27C000212E7 /* LMUserActBL.m in Sources */ = {isa = PBXBuildFile; fileRef = 8A04AF0119C5D27C000212E7 /* LMUserActBL.m */; };
		8A04AF0519C5D28D000212E7 /* LMContactBL.m in Sources */ = {isa = PBXBuildFile; fileRef = 8A04AF0419C5D28D000212E7 /* LMContactBL.m */; };
		8A04AF0819C5D2A9000212E7 /* LMShopBL.m in Sources */ = {isa = PBXBuildFile; fileRef = 8A04AF0719C5D2A9000212E7 /* LMShopBL.m */; };
		8A04AF0B19C5D2E0000212E7 /* LMSportBL.m in Sources */ = {isa = PBXBuildFile; fileRef = 8A04AF0A19C5D2E0000212E7 /* LMSportBL.m */; };
		8A04AF0E19C5E8F4000212E7 /* CoreDataDAO.m in Sources */ = {isa = PBXBuildFile; fileRef = 8A04AF0D19C5E8F4000212E7 /* CoreDataDAO.m */; };
		8A04AF1519C6C0E2000212E7 /* UserActDA.m in Sources */ = {isa = PBXBuildFile; fileRef = 8A04AF1419C6C0E2000212E7 /* UserActDA.m */; };
		8A04AF1819C6C1A1000212E7 /* CoreDateMoves.xcdatamodeld in Sources */ = {isa = PBXBuildFile; fileRef = 8A04AF1619C6C1A1000212E7 /* CoreDateMoves.xcdatamodeld */; };
		8A04AF2219C6D42A000212E7 /* LMLoginViewController.m in Sources */ = {isa = PBXBuildFile; fileRef = 8A04AF2119C6D42A000212E7 /* LMLoginViewController.m */; };
		8A04AF2B19C7E319000212E7 /* User.m in Sources */ = {isa = PBXBuildFile; fileRef = 8A04AF2A19C7E319000212E7 /* User.m */; };
		8A04AF3B19C839E6000212E7 /* CustomCell.m in Sources */ = {isa = PBXBuildFile; fileRef = 8A04AF2F19C839E6000212E7 /* CustomCell.m */; };
		8A04AF3C19C839E6000212E7 /* InvitationViewControllerEx.m in Sources */ = {isa = PBXBuildFile; fileRef = 8A04AF3119C839E6000212E7 /* InvitationViewControllerEx.m */; };
		8A04AF3D19C839E6000212E7 /* RegViewController.m in Sources */ = {isa = PBXBuildFile; fileRef = 8A04AF3319C839E6000212E7 /* RegViewController.m */; };
		8A04AF3E19C839E6000212E7 /* SectionsViewController.m in Sources */ = {isa = PBXBuildFile; fileRef = 8A04AF3519C839E6000212E7 /* SectionsViewController.m */; };
		8A04AF3F19C839E6000212E7 /* SectionsViewControllerFriends.m in Sources */ = {isa = PBXBuildFile; fileRef = 8A04AF3719C839E6000212E7 /* SectionsViewControllerFriends.m */; };
		8A04AF4019C839E6000212E7 /* smssdk.bundle in Resources */ = {isa = PBXBuildFile; fileRef = 8A04AF3819C839E6000212E7 /* smssdk.bundle */; };
		8A04AF4119C839E6000212E7 /* VerifyViewController.m in Sources */ = {isa = PBXBuildFile; fileRef = 8A04AF3A19C839E6000212E7 /* VerifyViewController.m */; };
		8A04AF4B19C839FF000212E7 /* NSDictionary-DeepMutableCopy.m in Sources */ = {isa = PBXBuildFile; fileRef = 8A04AF4419C839FF000212E7 /* NSDictionary-DeepMutableCopy.m */; };
		8A04AF4C19C839FF000212E7 /* SMS_HYZBadgeView.m in Sources */ = {isa = PBXBuildFile; fileRef = 8A04AF4619C839FF000212E7 /* SMS_HYZBadgeView.m */; settings = {COMPILER_FLAGS = "-fno-objc-arc"; }; };
		8A04AF4D19C839FF000212E7 /* SMS_MBProgressHUD+Add.m in Sources */ = {isa = PBXBuildFile; fileRef = 8A04AF4819C839FF000212E7 /* SMS_MBProgressHUD+Add.m */; settings = {COMPILER_FLAGS = "-fno-objc-arc"; }; };
		8A04AF4E19C839FF000212E7 /* SMS_MBProgressHUD.m in Sources */ = {isa = PBXBuildFile; fileRef = 8A04AF4A19C839FF000212E7 /* SMS_MBProgressHUD.m */; };
		8A04AF5019C83A2D000212E7 /* country.plist in Resources */ = {isa = PBXBuildFile; fileRef = 8A04AF4F19C83A2D000212E7 /* country.plist */; };
		8A04AF5519C85455000212E7 /* AddressBook.framework in Frameworks */ = {isa = PBXBuildFile; fileRef = 8A04AF5319C85455000212E7 /* AddressBook.framework */; };
		8A04AF5619C85455000212E7 /* AddressBookUI.framework in Frameworks */ = {isa = PBXBuildFile; fileRef = 8A04AF5419C85455000212E7 /* AddressBookUI.framework */; };
		8A04AF5819C8546C000212E7 /* MessageUI.framework in Frameworks */ = {isa = PBXBuildFile; fileRef = 8A04AF5719C8546C000212E7 /* MessageUI.framework */; };
		8A04AF5A19C85493000212E7 /* libz.dylib in Frameworks */ = {isa = PBXBuildFile; fileRef = 8A04AF5919C85493000212E7 /* libz.dylib */; };
		8A04AF5C19C854A8000212E7 /* libicucore.dylib in Frameworks */ = {isa = PBXBuildFile; fileRef = 8A04AF5B19C854A8000212E7 /* libicucore.dylib */; };
		8A1D4BF719CBD79700F27A3C /* UserCenterViewController.m in Sources */ = {isa = PBXBuildFile; fileRef = 8A1D4BF619CBD79700F27A3C /* UserCenterViewController.m */; };
		8A1D4C0819CD234000F27A3C /* check@2x.png in Resources */ = {isa = PBXBuildFile; fileRef = 8A1D4C0119CD234000F27A3C /* check@2x.png */; };
		8A1D4C0919CD234000F27A3C /* check_selected@2x.png in Resources */ = {isa = PBXBuildFile; fileRef = 8A1D4C0219CD234000F27A3C /* check_selected@2x.png */; };
		8A1D4C0A19CD234000F27A3C /* frame_left@2x.png in Resources */ = {isa = PBXBuildFile; fileRef = 8A1D4C0319CD234000F27A3C /* frame_left@2x.png */; };
		8A1D4C0B19CD234000F27A3C /* frame_middle@2x.png in Resources */ = {isa = PBXBuildFile; fileRef = 8A1D4C0419CD234000F27A3C /* frame_middle@2x.png */; };
		8A1D4C0C19CD234000F27A3C /* frame_right@2x.png in Resources */ = {isa = PBXBuildFile; fileRef = 8A1D4C0519CD234000F27A3C /* frame_right@2x.png */; };
		8A1D4C0D19CD234000F27A3C /* wheel_bg@2x.png in Resources */ = {isa = PBXBuildFile; fileRef = 8A1D4C0619CD234000F27A3C /* wheel_bg@2x.png */; };
		8A1D4C0E19CD234000F27A3C /* wheel_shadow@2x.png in Resources */ = {isa = PBXBuildFile; fileRef = 8A1D4C0719CD234000F27A3C /* wheel_shadow@2x.png */; };
		8A1D4C1119CD237D00F27A3C /* CYCustomMultiSelectPickerView.m in Sources */ = {isa = PBXBuildFile; fileRef = 8A1D4C1019CD237D00F27A3C /* CYCustomMultiSelectPickerView.m */; };
		8A1D4C1619CD238E00F27A3C /* ALPickerView.m in Sources */ = {isa = PBXBuildFile; fileRef = 8A1D4C1219CD238E00F27A3C /* ALPickerView.m */; };
		8A1D4C1719CD238E00F27A3C /* ALPickerViewCell.m in Sources */ = {isa = PBXBuildFile; fileRef = 8A1D4C1319CD238E00F27A3C /* ALPickerViewCell.m */; };
		8A1D4C1B19CD681600F27A3C /* down_dark0.png in Resources */ = {isa = PBXBuildFile; fileRef = 8A1D4C1919CD681600F27A3C /* down_dark0.png */; };
		8A1D4C1C19CD681600F27A3C /* area.plist in Resources */ = {isa = PBXBuildFile; fileRef = 8A1D4C1A19CD681600F27A3C /* area.plist */; };
		8A1D4C2119CD683E00F27A3C /* LMComBoxView.m in Sources */ = {isa = PBXBuildFile; fileRef = 8A1D4C1E19CD683E00F27A3C /* LMComBoxView.m */; };
		8A1D4C2219CD683E00F27A3C /* LMContainsLMComboxScrollView.m in Sources */ = {isa = PBXBuildFile; fileRef = 8A1D4C2019CD683E00F27A3C /* LMContainsLMComboxScrollView.m */; };
		8A33783919C5C656008B9AF5 /* Foundation.framework in Frameworks */ = {isa = PBXBuildFile; fileRef = 8A33783819C5C656008B9AF5 /* Foundation.framework */; };
		8A33783B19C5C656008B9AF5 /* CoreGraphics.framework in Frameworks */ = {isa = PBXBuildFile; fileRef = 8A33783A19C5C656008B9AF5 /* CoreGraphics.framework */; };
		8A33783D19C5C656008B9AF5 /* UIKit.framework in Frameworks */ = {isa = PBXBuildFile; fileRef = 8A33783C19C5C656008B9AF5 /* UIKit.framework */; };
		8A33784319C5C656008B9AF5 /* InfoPlist.strings in Resources */ = {isa = PBXBuildFile; fileRef = 8A33784119C5C656008B9AF5 /* InfoPlist.strings */; };
		8A33784519C5C656008B9AF5 /* main.m in Sources */ = {isa = PBXBuildFile; fileRef = 8A33784419C5C656008B9AF5 /* main.m */; };
		8A33784919C5C656008B9AF5 /* LMAppDelegate.m in Sources */ = {isa = PBXBuildFile; fileRef = 8A33784819C5C656008B9AF5 /* LMAppDelegate.m */; };
		8A33784C19C5C656008B9AF5 /* Main.storyboard in Resources */ = {isa = PBXBuildFile; fileRef = 8A33784A19C5C656008B9AF5 /* Main.storyboard */; };
		8A33785419C5C656008B9AF5 /* Images.xcassets in Resources */ = {isa = PBXBuildFile; fileRef = 8A33785319C5C656008B9AF5 /* Images.xcassets */; };
		8A33785B19C5C656008B9AF5 /* XCTest.framework in Frameworks */ = {isa = PBXBuildFile; fileRef = 8A33785A19C5C656008B9AF5 /* XCTest.framework */; };
		8A33785C19C5C656008B9AF5 /* Foundation.framework in Frameworks */ = {isa = PBXBuildFile; fileRef = 8A33783819C5C656008B9AF5 /* Foundation.framework */; };
		8A33785D19C5C656008B9AF5 /* UIKit.framework in Frameworks */ = {isa = PBXBuildFile; fileRef = 8A33783C19C5C656008B9AF5 /* UIKit.framework */; };
		8A33786519C5C656008B9AF5 /* InfoPlist.strings in Resources */ = {isa = PBXBuildFile; fileRef = 8A33786319C5C656008B9AF5 /* InfoPlist.strings */; };
		8A33786719C5C656008B9AF5 /* LikeMovesTests.m in Sources */ = {isa = PBXBuildFile; fileRef = 8A33786619C5C656008B9AF5 /* LikeMovesTests.m */; };
		8A4113E519D8F6C6002F2575 /* navi.png in Resources */ = {isa = PBXBuildFile; fileRef = 8A4113E419D8F6C6002F2575 /* navi.png */; };
		8A4113E919D903F9002F2575 /* chartBtn.png in Resources */ = {isa = PBXBuildFile; fileRef = 8A4113E819D903F9002F2575 /* chartBtn.png */; };
		8A4113EB19D90453002F2575 /* shareBtn.png in Resources */ = {isa = PBXBuildFile; fileRef = 8A4113EA19D90453002F2575 /* shareBtn.png */; };
		8A4113EE19D90B1D002F2575 /* MainTabViewController.m in Sources */ = {isa = PBXBuildFile; fileRef = 8A4113ED19D90B1D002F2575 /* MainTabViewController.m */; };
		8A4113F119D92EA8002F2575 /* SportDetailViewController.m in Sources */ = {isa = PBXBuildFile; fileRef = 8A4113F019D92EA8002F2575 /* SportDetailViewController.m */; };
		8AAF82C319D8ECCD000E118A /* contact.png in Resources */ = {isa = PBXBuildFile; fileRef = 8AAF82B219D8ECCD000E118A /* contact.png */; };
		8AAF82C419D8ECCD000E118A /* more.png in Resources */ = {isa = PBXBuildFile; fileRef = 8AAF82B319D8ECCD000E118A /* more.png */; };
		8AAF82C519D8ECCD000E118A /* sport.png in Resources */ = {isa = PBXBuildFile; fileRef = 8AAF82B419D8ECCD000E118A /* sport.png */; };
		8AAF82C619D8ECCD000E118A /* user.png in Resources */ = {isa = PBXBuildFile; fileRef = 8AAF82B519D8ECCD000E118A /* user.png */; };
		8AAF82C719D8ECCD000E118A /* 好友蓝色30.png in Resources */ = {isa = PBXBuildFile; fileRef = 8AAF82B619D8ECCD000E118A /* 好友蓝色30.png */; };
		8AAF82C819D8ECCD000E118A /* 我的蓝色30.png in Resources */ = {isa = PBXBuildFile; fileRef = 8AAF82B719D8ECCD000E118A /* 我的蓝色30.png */; };
		8AAF82C919D8ECCD000E118A /* 更多设置蓝色30.png in Resources */ = {isa = PBXBuildFile; fileRef = 8AAF82B819D8ECCD000E118A /* 更多设置蓝色30.png */; };
		8AAF82CA19D8ECCD000E118A /* 运动蓝色30.png in Resources */ = {isa = PBXBuildFile; fileRef = 8AAF82B919D8ECCD000E118A /* 运动蓝色30.png */; };
		8AAF82CB19D8ECCD000E118A /* contact@2x.png in Resources */ = {isa = PBXBuildFile; fileRef = 8AAF82BB19D8ECCD000E118A /* contact@2x.png */; };
		8AAF82CC19D8ECCD000E118A /* more@2x.png in Resources */ = {isa = PBXBuildFile; fileRef = 8AAF82BC19D8ECCD000E118A /* more@2x.png */; };
		8AAF82CD19D8ECCD000E118A /* sport@2x.png in Resources */ = {isa = PBXBuildFile; fileRef = 8AAF82BD19D8ECCD000E118A /* sport@2x.png */; };
		8AAF82CE19D8ECCD000E118A /* user@2x.png in Resources */ = {isa = PBXBuildFile; fileRef = 8AAF82BE19D8ECCD000E118A /* user@2x.png */; };
		8AAF82CF19D8ECCD000E118A /* 好友蓝色60.png in Resources */ = {isa = PBXBuildFile; fileRef = 8AAF82BF19D8ECCD000E118A /* 好友蓝色60.png */; };
		8AAF82D019D8ECCD000E118A /* 我的蓝色60.png in Resources */ = {isa = PBXBuildFile; fileRef = 8AAF82C019D8ECCD000E118A /* 我的蓝色60.png */; };
		8AAF82D119D8ECCD000E118A /* 更多蓝色60.png in Resources */ = {isa = PBXBuildFile; fileRef = 8AAF82C119D8ECCD000E118A /* 更多蓝色60.png */; };
		8AAF82D219D8ECCD000E118A /* 运动蓝色60.png in Resources */ = {isa = PBXBuildFile; fileRef = 8AAF82C219D8ECCD000E118A /* 运动蓝色60.png */; };
		8AB1ABD619CFA42600017485 /* SportViewController.m in Sources */ = {isa = PBXBuildFile; fileRef = 8AB1ABD519CFA42600017485 /* SportViewController.m */; };
		8AB1ABE019CFA79900017485 /* yuan2_zj.m in Sources */ = {isa = PBXBuildFile; fileRef = 8AB1ABD919CFA79900017485 /* yuan2_zj.m */; };
		8AB1ABE119CFA79900017485 /* yuan2_sc.m in Sources */ = {isa = PBXBuildFile; fileRef = 8AB1ABDA19CFA79900017485 /* yuan2_sc.m */; };
		8AB1ABE219CFA79900017485 /* led_jishu.m in Sources */ = {isa = PBXBuildFile; fileRef = 8AB1ABDB19CFA79900017485 /* led_jishu.m */; };
		8AB1ABE319CFA79900017485 /* wendu_yuan2.m in Sources */ = {isa = PBXBuildFile; fileRef = 8AB1ABDC19CFA79900017485 /* wendu_yuan2.m */; };
		8AB1ABED19D5084500017485 /* fire.png in Resources */ = {isa = PBXBuildFile; fileRef = 8AB1ABE819D5084500017485 /* fire.png */; };
		8AB1ABEE19D5084500017485 /* step.png in Resources */ = {isa = PBXBuildFile; fileRef = 8AB1ABE919D5084500017485 /* step.png */; };
		8AB1ABEF19D5084500017485 /* coin.png in Resources */ = {isa = PBXBuildFile; fileRef = 8AB1ABEA19D5084500017485 /* coin.png */; };
		8AB1ABF319D5087300017485 /* calendar.png in Resources */ = {isa = PBXBuildFile; fileRef = 8AB1ABF219D5087300017485 /* calendar.png */; };
		8AB1AC0519D51B0800017485 /* launchP-568h@2x.png in Resources */ = {isa = PBXBuildFile; fileRef = 8AB1ABF719D51B0800017485 /* launchP-568h@2x.png */; };
		8AB1AC0819D51B0800017485 /* first.png in Resources */ = {isa = PBXBuildFile; fileRef = 8AB1ABFB19D51B0800017485 /* first.png */; };
		8AB1AC0919D51B0800017485 /* launch.png in Resources */ = {isa = PBXBuildFile; fileRef = 8AB1ABFC19D51B0800017485 /* launch.png */; };
		8AB1AC0A19D51B0800017485 /* sec.png in Resources */ = {isa = PBXBuildFile; fileRef = 8AB1ABFD19D51B0800017485 /* sec.png */; };
		8AB1AC0B19D51B0800017485 /* share.png in Resources */ = {isa = PBXBuildFile; fileRef = 8AB1ABFE19D51B0800017485 /* share.png */; };
		8AB1AC0C19D51B0800017485 /* first@2x.png in Resources */ = {isa = PBXBuildFile; fileRef = 8AB1AC0019D51B0800017485 /* first@2x.png */; };
		8AB1AC0D19D51B0800017485 /* launch@2x.png in Resources */ = {isa = PBXBuildFile; fileRef = 8AB1AC0119D51B0800017485 /* launch@2x.png */; };
		8AB1AC0E19D51B0800017485 /* sec@2x.png in Resources */ = {isa = PBXBuildFile; fileRef = 8AB1AC0219D51B0800017485 /* sec@2x.png */; };
		8AB1AC0F19D51B0800017485 /* share@2x.png in Resources */ = {isa = PBXBuildFile; fileRef = 8AB1AC0319D51B0800017485 /* share@2x.png */; };
		8AB1AC1319D5388200017485 /* DKCircleButton.m in Sources */ = {isa = PBXBuildFile; fileRef = 8AB1AC1219D5388200017485 /* DKCircleButton.m */; };
		8AB1AC3519D80A0A00017485 /* LICENSE in Resources */ = {isa = PBXBuildFile; fileRef = 8AB1AC3119D80A0A00017485 /* LICENSE */; };
		8AB1AC3619D80A0A00017485 /* readme.md in Resources */ = {isa = PBXBuildFile; fileRef = 8AB1AC3219D80A0A00017485 /* readme.md */; };
		8AB1AC3719D80A0A00017485 /* SMPageControl.m in Sources */ = {isa = PBXBuildFile; fileRef = 8AB1AC3419D80A0A00017485 /* SMPageControl.m */; };
		8AB1AC4119D8270500017485 /* firstP-568h@2x.png in Resources */ = {isa = PBXBuildFile; fileRef = 8AB1AC3E19D8270500017485 /* firstP-568h@2x.png */; };
		8AB1AC4219D8270500017485 /* secondP-568h@2x.png in Resources */ = {isa = PBXBuildFile; fileRef = 8AB1AC3F19D8270500017485 /* secondP-568h@2x.png */; };
		8AB1AC4319D8270500017485 /* shareP-568h@2x.png in Resources */ = {isa = PBXBuildFile; fileRef = 8AB1AC4019D8270500017485 /* shareP-568h@2x.png */; };
		8AB6DA8B19C967B8009D30FF /* lightOfSea.jpg in Resources */ = {isa = PBXBuildFile; fileRef = 8AB6DA8A19C967B8009D30FF /* lightOfSea.jpg */; };
		8AB6DA8D19C9A96A009D30FF /* desert.jpg in Resources */ = {isa = PBXBuildFile; fileRef = 8AB6DA8C19C9A96A009D30FF /* desert.jpg */; };
		8AC7F7F519DF8D2C008C2934 /* Radar.png in Resources */ = {isa = PBXBuildFile; fileRef = 8AC7F7F419DF8D2C008C2934 /* Radar.png */; };
		8AC7F81C19DF8FA6008C2934 /* RTSpinKit9CubeGridAnimation.m in Sources */ = {isa = PBXBuildFile; fileRef = 8AC7F7FA19DF8FA6008C2934 /* RTSpinKit9CubeGridAnimation.m */; };
		8AC7F81D19DF8FA6008C2934 /* RTSpinKitArcAltAnimation.m in Sources */ = {isa = PBXBuildFile; fileRef = 8AC7F7FC19DF8FA6008C2934 /* RTSpinKitArcAltAnimation.m */; };
		8AC7F81E19DF8FA6008C2934 /* RTSpinKitArcAnimation.m in Sources */ = {isa = PBXBuildFile; fileRef = 8AC7F7FE19DF8FA6008C2934 /* RTSpinKitArcAnimation.m */; };
		8AC7F81F19DF8FA6008C2934 /* RTSpinKitBounceAnimation.m in Sources */ = {isa = PBXBuildFile; fileRef = 8AC7F80019DF8FA6008C2934 /* RTSpinKitBounceAnimation.m */; };
		8AC7F82019DF8FA6008C2934 /* RTSpinKitChasingDotsAnimation.m in Sources */ = {isa = PBXBuildFile; fileRef = 8AC7F80219DF8FA6008C2934 /* RTSpinKitChasingDotsAnimation.m */; };
		8AC7F82119DF8FA6008C2934 /* RTSpinKitCircleAnimation.m in Sources */ = {isa = PBXBuildFile; fileRef = 8AC7F80419DF8FA6008C2934 /* RTSpinKitCircleAnimation.m */; };
		8AC7F82219DF8FA6008C2934 /* RTSpinKitCircleFlipAnimation.m in Sources */ = {isa = PBXBuildFile; fileRef = 8AC7F80619DF8FA6008C2934 /* RTSpinKitCircleFlipAnimation.m */; };
		8AC7F82319DF8FA6008C2934 /* RTSpinKitFadingCircleAltAnimation.m in Sources */ = {isa = PBXBuildFile; fileRef = 8AC7F80819DF8FA6008C2934 /* RTSpinKitFadingCircleAltAnimation.m */; };
		8AC7F82419DF8FA6008C2934 /* RTSpinKitFadingCircleAnimation.m in Sources */ = {isa = PBXBuildFile; fileRef = 8AC7F80A19DF8FA6008C2934 /* RTSpinKitFadingCircleAnimation.m */; };
		8AC7F82519DF8FA6008C2934 /* RTSpinKitPlaneAnimation.m in Sources */ = {isa = PBXBuildFile; fileRef = 8AC7F80C19DF8FA6008C2934 /* RTSpinKitPlaneAnimation.m */; };
		8AC7F82619DF8FA6008C2934 /* RTSpinKitPulseAnimation.m in Sources */ = {isa = PBXBuildFile; fileRef = 8AC7F80E19DF8FA6008C2934 /* RTSpinKitPulseAnimation.m */; };
		8AC7F82719DF8FA6008C2934 /* RTSpinKitThreeBounceAnimation.m in Sources */ = {isa = PBXBuildFile; fileRef = 8AC7F81019DF8FA6008C2934 /* RTSpinKitThreeBounceAnimation.m */; };
		8AC7F82819DF8FA6008C2934 /* RTSpinKitWanderingCubesAnimation.m in Sources */ = {isa = PBXBuildFile; fileRef = 8AC7F81219DF8FA6008C2934 /* RTSpinKitWanderingCubesAnimation.m */; };
		8AC7F82919DF8FA6008C2934 /* RTSpinKitWaveAnimation.m in Sources */ = {isa = PBXBuildFile; fileRef = 8AC7F81419DF8FA6008C2934 /* RTSpinKitWaveAnimation.m */; };
		8AC7F82A19DF8FA6008C2934 /* RTSpinKitWordPressAnimation.m in Sources */ = {isa = PBXBuildFile; fileRef = 8AC7F81619DF8FA6008C2934 /* RTSpinKitWordPressAnimation.m */; };
		8AC7F82B19DF8FA6008C2934 /* RTSpinKitUtils.m in Sources */ = {isa = PBXBuildFile; fileRef = 8AC7F81919DF8FA6008C2934 /* RTSpinKitUtils.m */; };
		8AC7F82C19DF8FA6008C2934 /* RTSpinKitView.m in Sources */ = {isa = PBXBuildFile; fileRef = 8AC7F81B19DF8FA6008C2934 /* RTSpinKitView.m */; };
		8AC7F82F19DF9020008C2934 /* RadarFriendViewController.m in Sources */ = {isa = PBXBuildFile; fileRef = 8AC7F82E19DF9020008C2934 /* RadarFriendViewController.m */; };
		8AC7F83219DFC535008C2934 /* FriendTableViewController.m in Sources */ = {isa = PBXBuildFile; fileRef = 8AC7F83119DFC535008C2934 /* FriendTableViewController.m */; };
		8AC7F83619DFEEC9008C2934 /* CHTumblrMenuView.m in Sources */ = {isa = PBXBuildFile; fileRef = 8AC7F83519DFEEC9008C2934 /* CHTumblrMenuView.m */; };
		8AD3A49019C918E000B615A5 /* SMS_SDK.framework in Frameworks */ = {isa = PBXBuildFile; fileRef = 8AD3A48F19C918E000B615A5 /* SMS_SDK.framework */; };
		8AD3A49519C927F700B615A5 /* OnboardingContentViewController.m in Sources */ = {isa = PBXBuildFile; fileRef = 8AD3A49219C927F700B615A5 /* OnboardingContentViewController.m */; };
		8AD3A49619C927F700B615A5 /* OnboardingViewController.m in Sources */ = {isa = PBXBuildFile; fileRef = 8AD3A49419C927F700B615A5 /* OnboardingViewController.m */; };
		8AD3A49D19C92B1C00B615A5 /* space1.png in Resources */ = {isa = PBXBuildFile; fileRef = 8AD3A49919C92B1C00B615A5 /* space1.png */; };
		8AD3A49E19C92B1C00B615A5 /* space2.png in Resources */ = {isa = PBXBuildFile; fileRef = 8AD3A49A19C92B1C00B615A5 /* space2.png */; };
		8AD3A49F19C92B1C00B615A5 /* space3.png in Resources */ = {isa = PBXBuildFile; fileRef = 8AD3A49B19C92B1C00B615A5 /* space3.png */; };
		8AD3A4A019C92B1C00B615A5 /* space4.png in Resources */ = {isa = PBXBuildFile; fileRef = 8AD3A49C19C92B1C00B615A5 /* space4.png */; };
		8AD3A4A219C92B3D00B615A5 /* milky_way.jpg in Resources */ = {isa = PBXBuildFile; fileRef = 8AD3A4A119C92B3D00B615A5 /* milky_way.jpg */; };
		8AD3A4A419C9597800B615A5 /* darkGreen.jpg in Resources */ = {isa = PBXBuildFile; fileRef = 8AD3A4A319C9597800B615A5 /* darkGreen.jpg */; };
		D41D73B070834F549D190742 /* libPods.a in Frameworks */ = {isa = PBXBuildFile; fileRef = 87037E4CF18F459E9DB69442 /* libPods.a */; };
/* End PBXBuildFile section */

/* Begin PBXContainerItemProxy section */
		8A33785E19C5C656008B9AF5 /* PBXContainerItemProxy */ = {
			isa = PBXContainerItemProxy;
			containerPortal = 8A33782D19C5C656008B9AF5 /* Project object */;
			proxyType = 1;
			remoteGlobalIDString = 8A33783419C5C656008B9AF5;
			remoteInfo = LikeMoves;
		};
/* End PBXContainerItemProxy section */

/* Begin PBXFileReference section */
		8537D76263BF40DE821C602A /* Pods.xcconfig */ = {isa = PBXFileReference; includeInIndex = 1; lastKnownFileType = text.xcconfig; name = Pods.xcconfig; path = Pods/Pods.xcconfig; sourceTree = "<group>"; };
		87037E4CF18F459E9DB69442 /* libPods.a */ = {isa = PBXFileReference; explicitFileType = archive.ar; includeInIndex = 0; path = libPods.a; sourceTree = BUILT_PRODUCTS_DIR; };
		8A04AF0019C5D27C000212E7 /* LMUserActBL.h */ = {isa = PBXFileReference; fileEncoding = 4; lastKnownFileType = sourcecode.c.h; path = LMUserActBL.h; sourceTree = "<group>"; };
		8A04AF0119C5D27C000212E7 /* LMUserActBL.m */ = {isa = PBXFileReference; fileEncoding = 4; lastKnownFileType = sourcecode.c.objc; path = LMUserActBL.m; sourceTree = "<group>"; };
		8A04AF0319C5D28D000212E7 /* LMContactBL.h */ = {isa = PBXFileReference; fileEncoding = 4; lastKnownFileType = sourcecode.c.h; path = LMContactBL.h; sourceTree = "<group>"; };
		8A04AF0419C5D28D000212E7 /* LMContactBL.m */ = {isa = PBXFileReference; fileEncoding = 4; lastKnownFileType = sourcecode.c.objc; path = LMContactBL.m; sourceTree = "<group>"; };
		8A04AF0619C5D2A9000212E7 /* LMShopBL.h */ = {isa = PBXFileReference; fileEncoding = 4; lastKnownFileType = sourcecode.c.h; path = LMShopBL.h; sourceTree = "<group>"; };
		8A04AF0719C5D2A9000212E7 /* LMShopBL.m */ = {isa = PBXFileReference; fileEncoding = 4; lastKnownFileType = sourcecode.c.objc; path = LMShopBL.m; sourceTree = "<group>"; };
		8A04AF0919C5D2E0000212E7 /* LMSportBL.h */ = {isa = PBXFileReference; fileEncoding = 4; lastKnownFileType = sourcecode.c.h; path = LMSportBL.h; sourceTree = "<group>"; };
		8A04AF0A19C5D2E0000212E7 /* LMSportBL.m */ = {isa = PBXFileReference; fileEncoding = 4; lastKnownFileType = sourcecode.c.objc; path = LMSportBL.m; sourceTree = "<group>"; };
		8A04AF0C19C5E8F4000212E7 /* CoreDataDAO.h */ = {isa = PBXFileReference; fileEncoding = 4; lastKnownFileType = sourcecode.c.h; path = CoreDataDAO.h; sourceTree = "<group>"; };
		8A04AF0D19C5E8F4000212E7 /* CoreDataDAO.m */ = {isa = PBXFileReference; fileEncoding = 4; lastKnownFileType = sourcecode.c.objc; path = CoreDataDAO.m; sourceTree = "<group>"; };
		8A04AF0F19C6BC01000212E7 /* LMUserBLDelegate.h */ = {isa = PBXFileReference; fileEncoding = 4; lastKnownFileType = sourcecode.c.h; path = LMUserBLDelegate.h; sourceTree = "<group>"; };
		8A04AF1019C6BC2C000212E7 /* LMSportBLDelegate.h */ = {isa = PBXFileReference; fileEncoding = 4; lastKnownFileType = sourcecode.c.h; path = LMSportBLDelegate.h; sourceTree = "<group>"; };
		8A04AF1119C6BC5E000212E7 /* LMContactBLDelegate.h */ = {isa = PBXFileReference; fileEncoding = 4; lastKnownFileType = sourcecode.c.h; path = LMContactBLDelegate.h; sourceTree = "<group>"; };
		8A04AF1219C6BC96000212E7 /* LMShopBLDelegate.h */ = {isa = PBXFileReference; fileEncoding = 4; lastKnownFileType = sourcecode.c.h; path = LMShopBLDelegate.h; sourceTree = "<group>"; };
		8A04AF1319C6C0E2000212E7 /* UserActDA.h */ = {isa = PBXFileReference; fileEncoding = 4; lastKnownFileType = sourcecode.c.h; path = UserActDA.h; sourceTree = "<group>"; };
		8A04AF1419C6C0E2000212E7 /* UserActDA.m */ = {isa = PBXFileReference; fileEncoding = 4; lastKnownFileType = sourcecode.c.objc; path = UserActDA.m; sourceTree = "<group>"; };
		8A04AF1719C6C1A1000212E7 /* CoreDateMoves.xcdatamodel */ = {isa = PBXFileReference; lastKnownFileType = wrapper.xcdatamodel; path = CoreDateMoves.xcdatamodel; sourceTree = "<group>"; };
		8A04AF1F19C6C9B1000212E7 /* LMUserActDADelegate.h */ = {isa = PBXFileReference; fileEncoding = 4; lastKnownFileType = sourcecode.c.h; path = LMUserActDADelegate.h; sourceTree = "<group>"; };
		8A04AF2019C6D42A000212E7 /* LMLoginViewController.h */ = {isa = PBXFileReference; fileEncoding = 4; lastKnownFileType = sourcecode.c.h; path = LMLoginViewController.h; sourceTree = "<group>"; };
		8A04AF2119C6D42A000212E7 /* LMLoginViewController.m */ = {isa = PBXFileReference; fileEncoding = 4; lastKnownFileType = sourcecode.c.objc; path = LMLoginViewController.m; sourceTree = "<group>"; };
		8A04AF2919C7E319000212E7 /* User.h */ = {isa = PBXFileReference; fileEncoding = 4; lastKnownFileType = sourcecode.c.h; path = User.h; sourceTree = "<group>"; };
		8A04AF2A19C7E319000212E7 /* User.m */ = {isa = PBXFileReference; fileEncoding = 4; lastKnownFileType = sourcecode.c.objc; path = User.m; sourceTree = "<group>"; };
		8A04AF2E19C839E6000212E7 /* CustomCell.h */ = {isa = PBXFileReference; fileEncoding = 4; lastKnownFileType = sourcecode.c.h; path = CustomCell.h; sourceTree = "<group>"; };
		8A04AF2F19C839E6000212E7 /* CustomCell.m */ = {isa = PBXFileReference; fileEncoding = 4; lastKnownFileType = sourcecode.c.objc; path = CustomCell.m; sourceTree = "<group>"; };
		8A04AF3019C839E6000212E7 /* InvitationViewControllerEx.h */ = {isa = PBXFileReference; fileEncoding = 4; lastKnownFileType = sourcecode.c.h; path = InvitationViewControllerEx.h; sourceTree = "<group>"; };
		8A04AF3119C839E6000212E7 /* InvitationViewControllerEx.m */ = {isa = PBXFileReference; fileEncoding = 4; lastKnownFileType = sourcecode.c.objc; path = InvitationViewControllerEx.m; sourceTree = "<group>"; };
		8A04AF3219C839E6000212E7 /* RegViewController.h */ = {isa = PBXFileReference; fileEncoding = 4; lastKnownFileType = sourcecode.c.h; path = RegViewController.h; sourceTree = "<group>"; };
		8A04AF3319C839E6000212E7 /* RegViewController.m */ = {isa = PBXFileReference; fileEncoding = 4; lastKnownFileType = sourcecode.c.objc; path = RegViewController.m; sourceTree = "<group>"; };
		8A04AF3419C839E6000212E7 /* SectionsViewController.h */ = {isa = PBXFileReference; fileEncoding = 4; lastKnownFileType = sourcecode.c.h; path = SectionsViewController.h; sourceTree = "<group>"; };
		8A04AF3519C839E6000212E7 /* SectionsViewController.m */ = {isa = PBXFileReference; fileEncoding = 4; lastKnownFileType = sourcecode.c.objc; path = SectionsViewController.m; sourceTree = "<group>"; };
		8A04AF3619C839E6000212E7 /* SectionsViewControllerFriends.h */ = {isa = PBXFileReference; fileEncoding = 4; lastKnownFileType = sourcecode.c.h; path = SectionsViewControllerFriends.h; sourceTree = "<group>"; };
		8A04AF3719C839E6000212E7 /* SectionsViewControllerFriends.m */ = {isa = PBXFileReference; fileEncoding = 4; lastKnownFileType = sourcecode.c.objc; path = SectionsViewControllerFriends.m; sourceTree = "<group>"; };
		8A04AF3819C839E6000212E7 /* smssdk.bundle */ = {isa = PBXFileReference; lastKnownFileType = "wrapper.plug-in"; path = smssdk.bundle; sourceTree = "<group>"; };
		8A04AF3919C839E6000212E7 /* VerifyViewController.h */ = {isa = PBXFileReference; fileEncoding = 4; lastKnownFileType = sourcecode.c.h; path = VerifyViewController.h; sourceTree = "<group>"; };
		8A04AF3A19C839E6000212E7 /* VerifyViewController.m */ = {isa = PBXFileReference; fileEncoding = 4; lastKnownFileType = sourcecode.c.objc; path = VerifyViewController.m; sourceTree = "<group>"; };
		8A04AF4319C839FF000212E7 /* NSDictionary-DeepMutableCopy.h */ = {isa = PBXFileReference; fileEncoding = 4; lastKnownFileType = sourcecode.c.h; path = "NSDictionary-DeepMutableCopy.h"; sourceTree = "<group>"; };
		8A04AF4419C839FF000212E7 /* NSDictionary-DeepMutableCopy.m */ = {isa = PBXFileReference; fileEncoding = 4; lastKnownFileType = sourcecode.c.objc; path = "NSDictionary-DeepMutableCopy.m"; sourceTree = "<group>"; };
		8A04AF4519C839FF000212E7 /* SMS_HYZBadgeView.h */ = {isa = PBXFileReference; fileEncoding = 4; lastKnownFileType = sourcecode.c.h; path = SMS_HYZBadgeView.h; sourceTree = "<group>"; };
		8A04AF4619C839FF000212E7 /* SMS_HYZBadgeView.m */ = {isa = PBXFileReference; fileEncoding = 4; lastKnownFileType = sourcecode.c.objc; path = SMS_HYZBadgeView.m; sourceTree = "<group>"; };
		8A04AF4719C839FF000212E7 /* SMS_MBProgressHUD+Add.h */ = {isa = PBXFileReference; fileEncoding = 4; lastKnownFileType = sourcecode.c.h; path = "SMS_MBProgressHUD+Add.h"; sourceTree = "<group>"; };
		8A04AF4819C839FF000212E7 /* SMS_MBProgressHUD+Add.m */ = {isa = PBXFileReference; fileEncoding = 4; lastKnownFileType = sourcecode.c.objc; path = "SMS_MBProgressHUD+Add.m"; sourceTree = "<group>"; };
		8A04AF4919C839FF000212E7 /* SMS_MBProgressHUD.h */ = {isa = PBXFileReference; fileEncoding = 4; lastKnownFileType = sourcecode.c.h; path = SMS_MBProgressHUD.h; sourceTree = "<group>"; };
		8A04AF4A19C839FF000212E7 /* SMS_MBProgressHUD.m */ = {isa = PBXFileReference; fileEncoding = 4; lastKnownFileType = sourcecode.c.objc; path = SMS_MBProgressHUD.m; sourceTree = "<group>"; };
		8A04AF4F19C83A2D000212E7 /* country.plist */ = {isa = PBXFileReference; fileEncoding = 4; lastKnownFileType = text.plist.xml; path = country.plist; sourceTree = "<group>"; };
		8A04AF5119C83B7F000212E7 /* SMS_SDK.framework */ = {isa = PBXFileReference; lastKnownFileType = wrapper.framework; name = SMS_SDK.framework; path = "../../../../../Downloads/SMS_SDKDemo v1.0-2.3/SMS_SDK.framework"; sourceTree = "<group>"; };
		8A04AF5319C85455000212E7 /* AddressBook.framework */ = {isa = PBXFileReference; lastKnownFileType = wrapper.framework; name = AddressBook.framework; path = System/Library/Frameworks/AddressBook.framework; sourceTree = SDKROOT; };
		8A04AF5419C85455000212E7 /* AddressBookUI.framework */ = {isa = PBXFileReference; lastKnownFileType = wrapper.framework; name = AddressBookUI.framework; path = System/Library/Frameworks/AddressBookUI.framework; sourceTree = SDKROOT; };
		8A04AF5719C8546C000212E7 /* MessageUI.framework */ = {isa = PBXFileReference; lastKnownFileType = wrapper.framework; name = MessageUI.framework; path = System/Library/Frameworks/MessageUI.framework; sourceTree = SDKROOT; };
		8A04AF5919C85493000212E7 /* libz.dylib */ = {isa = PBXFileReference; lastKnownFileType = "compiled.mach-o.dylib"; name = libz.dylib; path = usr/lib/libz.dylib; sourceTree = SDKROOT; };
		8A04AF5B19C854A8000212E7 /* libicucore.dylib */ = {isa = PBXFileReference; lastKnownFileType = "compiled.mach-o.dylib"; name = libicucore.dylib; path = usr/lib/libicucore.dylib; sourceTree = SDKROOT; };
		8A1D4BF519CBD79700F27A3C /* UserCenterViewController.h */ = {isa = PBXFileReference; fileEncoding = 4; lastKnownFileType = sourcecode.c.h; path = UserCenterViewController.h; sourceTree = "<group>"; };
		8A1D4BF619CBD79700F27A3C /* UserCenterViewController.m */ = {isa = PBXFileReference; fileEncoding = 4; lastKnownFileType = sourcecode.c.objc; path = UserCenterViewController.m; sourceTree = "<group>"; };
		8A1D4C0119CD234000F27A3C /* check@2x.png */ = {isa = PBXFileReference; lastKnownFileType = image.png; path = "check@2x.png"; sourceTree = "<group>"; };
		8A1D4C0219CD234000F27A3C /* check_selected@2x.png */ = {isa = PBXFileReference; lastKnownFileType = image.png; path = "check_selected@2x.png"; sourceTree = "<group>"; };
		8A1D4C0319CD234000F27A3C /* frame_left@2x.png */ = {isa = PBXFileReference; lastKnownFileType = image.png; path = "frame_left@2x.png"; sourceTree = "<group>"; };
		8A1D4C0419CD234000F27A3C /* frame_middle@2x.png */ = {isa = PBXFileReference; lastKnownFileType = image.png; path = "frame_middle@2x.png"; sourceTree = "<group>"; };
		8A1D4C0519CD234000F27A3C /* frame_right@2x.png */ = {isa = PBXFileReference; lastKnownFileType = image.png; path = "frame_right@2x.png"; sourceTree = "<group>"; };
		8A1D4C0619CD234000F27A3C /* wheel_bg@2x.png */ = {isa = PBXFileReference; lastKnownFileType = image.png; path = "wheel_bg@2x.png"; sourceTree = "<group>"; };
		8A1D4C0719CD234000F27A3C /* wheel_shadow@2x.png */ = {isa = PBXFileReference; lastKnownFileType = image.png; path = "wheel_shadow@2x.png"; sourceTree = "<group>"; };
		8A1D4C0F19CD237D00F27A3C /* CYCustomMultiSelectPickerView.h */ = {isa = PBXFileReference; fileEncoding = 4; lastKnownFileType = sourcecode.c.h; path = CYCustomMultiSelectPickerView.h; sourceTree = "<group>"; };
		8A1D4C1019CD237D00F27A3C /* CYCustomMultiSelectPickerView.m */ = {isa = PBXFileReference; fileEncoding = 4; lastKnownFileType = sourcecode.c.objc; path = CYCustomMultiSelectPickerView.m; sourceTree = "<group>"; };
		8A1D4C1219CD238E00F27A3C /* ALPickerView.m */ = {isa = PBXFileReference; fileEncoding = 4; lastKnownFileType = sourcecode.c.objc; path = ALPickerView.m; sourceTree = "<group>"; };
		8A1D4C1319CD238E00F27A3C /* ALPickerViewCell.m */ = {isa = PBXFileReference; fileEncoding = 4; lastKnownFileType = sourcecode.c.objc; path = ALPickerViewCell.m; sourceTree = "<group>"; };
		8A1D4C1419CD238E00F27A3C /* ALPickerView.h */ = {isa = PBXFileReference; fileEncoding = 4; lastKnownFileType = sourcecode.c.h; path = ALPickerView.h; sourceTree = "<group>"; };
		8A1D4C1519CD238E00F27A3C /* ALPickerViewCell.h */ = {isa = PBXFileReference; fileEncoding = 4; lastKnownFileType = sourcecode.c.h; path = ALPickerViewCell.h; sourceTree = "<group>"; };
		8A1D4C1919CD681600F27A3C /* down_dark0.png */ = {isa = PBXFileReference; lastKnownFileType = image.png; path = down_dark0.png; sourceTree = "<group>"; };
		8A1D4C1A19CD681600F27A3C /* area.plist */ = {isa = PBXFileReference; fileEncoding = 4; lastKnownFileType = text.plist.xml; path = area.plist; sourceTree = "<group>"; };
		8A1D4C1D19CD683E00F27A3C /* LMComBoxView.h */ = {isa = PBXFileReference; fileEncoding = 4; lastKnownFileType = sourcecode.c.h; path = LMComBoxView.h; sourceTree = "<group>"; };
		8A1D4C1E19CD683E00F27A3C /* LMComBoxView.m */ = {isa = PBXFileReference; fileEncoding = 4; lastKnownFileType = sourcecode.c.objc; path = LMComBoxView.m; sourceTree = "<group>"; };
		8A1D4C1F19CD683E00F27A3C /* LMContainsLMComboxScrollView.h */ = {isa = PBXFileReference; fileEncoding = 4; lastKnownFileType = sourcecode.c.h; path = LMContainsLMComboxScrollView.h; sourceTree = "<group>"; };
		8A1D4C2019CD683E00F27A3C /* LMContainsLMComboxScrollView.m */ = {isa = PBXFileReference; fileEncoding = 4; lastKnownFileType = sourcecode.c.objc; path = LMContainsLMComboxScrollView.m; sourceTree = "<group>"; };
		8A33783519C5C656008B9AF5 /* LikeMoves.app */ = {isa = PBXFileReference; explicitFileType = wrapper.application; includeInIndex = 0; path = LikeMoves.app; sourceTree = BUILT_PRODUCTS_DIR; };
		8A33783819C5C656008B9AF5 /* Foundation.framework */ = {isa = PBXFileReference; lastKnownFileType = wrapper.framework; name = Foundation.framework; path = System/Library/Frameworks/Foundation.framework; sourceTree = SDKROOT; };
		8A33783A19C5C656008B9AF5 /* CoreGraphics.framework */ = {isa = PBXFileReference; lastKnownFileType = wrapper.framework; name = CoreGraphics.framework; path = System/Library/Frameworks/CoreGraphics.framework; sourceTree = SDKROOT; };
		8A33783C19C5C656008B9AF5 /* UIKit.framework */ = {isa = PBXFileReference; lastKnownFileType = wrapper.framework; name = UIKit.framework; path = System/Library/Frameworks/UIKit.framework; sourceTree = SDKROOT; };
		8A33784019C5C656008B9AF5 /* LikeMoves-Info.plist */ = {isa = PBXFileReference; lastKnownFileType = text.plist.xml; path = "LikeMoves-Info.plist"; sourceTree = "<group>"; };
		8A33784219C5C656008B9AF5 /* en */ = {isa = PBXFileReference; lastKnownFileType = text.plist.strings; name = en; path = en.lproj/InfoPlist.strings; sourceTree = "<group>"; };
		8A33784419C5C656008B9AF5 /* main.m */ = {isa = PBXFileReference; lastKnownFileType = sourcecode.c.objc; path = main.m; sourceTree = "<group>"; };
		8A33784619C5C656008B9AF5 /* LikeMoves-Prefix.pch */ = {isa = PBXFileReference; lastKnownFileType = sourcecode.c.h; path = "LikeMoves-Prefix.pch"; sourceTree = "<group>"; };
		8A33784719C5C656008B9AF5 /* LMAppDelegate.h */ = {isa = PBXFileReference; lastKnownFileType = sourcecode.c.h; path = LMAppDelegate.h; sourceTree = "<group>"; };
		8A33784819C5C656008B9AF5 /* LMAppDelegate.m */ = {isa = PBXFileReference; lastKnownFileType = sourcecode.c.objc; path = LMAppDelegate.m; sourceTree = "<group>"; };
		8A33784B19C5C656008B9AF5 /* Base */ = {isa = PBXFileReference; lastKnownFileType = file.storyboard; name = Base; path = Base.lproj/Main.storyboard; sourceTree = "<group>"; };
		8A33785319C5C656008B9AF5 /* Images.xcassets */ = {isa = PBXFileReference; lastKnownFileType = folder.assetcatalog; path = Images.xcassets; sourceTree = "<group>"; };
		8A33785919C5C656008B9AF5 /* LikeMovesTests.xctest */ = {isa = PBXFileReference; explicitFileType = wrapper.cfbundle; includeInIndex = 0; path = LikeMovesTests.xctest; sourceTree = BUILT_PRODUCTS_DIR; };
		8A33785A19C5C656008B9AF5 /* XCTest.framework */ = {isa = PBXFileReference; lastKnownFileType = wrapper.framework; name = XCTest.framework; path = Library/Frameworks/XCTest.framework; sourceTree = DEVELOPER_DIR; };
		8A33786219C5C656008B9AF5 /* LikeMovesTests-Info.plist */ = {isa = PBXFileReference; lastKnownFileType = text.plist.xml; path = "LikeMovesTests-Info.plist"; sourceTree = "<group>"; };
		8A33786419C5C656008B9AF5 /* en */ = {isa = PBXFileReference; lastKnownFileType = text.plist.strings; name = en; path = en.lproj/InfoPlist.strings; sourceTree = "<group>"; };
		8A33786619C5C656008B9AF5 /* LikeMovesTests.m */ = {isa = PBXFileReference; lastKnownFileType = sourcecode.c.objc; path = LikeMovesTests.m; sourceTree = "<group>"; };
		8A4113E419D8F6C6002F2575 /* navi.png */ = {isa = PBXFileReference; lastKnownFileType = image.png; path = navi.png; sourceTree = "<group>"; };
		8A4113E819D903F9002F2575 /* chartBtn.png */ = {isa = PBXFileReference; lastKnownFileType = image.png; name = chartBtn.png; path = ../chartBtn.png; sourceTree = "<group>"; };
		8A4113EA19D90453002F2575 /* shareBtn.png */ = {isa = PBXFileReference; lastKnownFileType = image.png; path = shareBtn.png; sourceTree = "<group>"; };
		8A4113EC19D90B1D002F2575 /* MainTabViewController.h */ = {isa = PBXFileReference; fileEncoding = 4; lastKnownFileType = sourcecode.c.h; path = MainTabViewController.h; sourceTree = "<group>"; };
		8A4113ED19D90B1D002F2575 /* MainTabViewController.m */ = {isa = PBXFileReference; fileEncoding = 4; lastKnownFileType = sourcecode.c.objc; path = MainTabViewController.m; sourceTree = "<group>"; };
		8A4113EF19D92EA8002F2575 /* SportDetailViewController.h */ = {isa = PBXFileReference; fileEncoding = 4; lastKnownFileType = sourcecode.c.h; path = SportDetailViewController.h; sourceTree = "<group>"; };
		8A4113F019D92EA8002F2575 /* SportDetailViewController.m */ = {isa = PBXFileReference; fileEncoding = 4; lastKnownFileType = sourcecode.c.objc; path = SportDetailViewController.m; sourceTree = "<group>"; };
		8AAF82B219D8ECCD000E118A /* contact.png */ = {isa = PBXFileReference; lastKnownFileType = image.png; path = contact.png; sourceTree = "<group>"; };
		8AAF82B319D8ECCD000E118A /* more.png */ = {isa = PBXFileReference; lastKnownFileType = image.png; path = more.png; sourceTree = "<group>"; };
		8AAF82B419D8ECCD000E118A /* sport.png */ = {isa = PBXFileReference; lastKnownFileType = image.png; path = sport.png; sourceTree = "<group>"; };
		8AAF82B519D8ECCD000E118A /* user.png */ = {isa = PBXFileReference; lastKnownFileType = image.png; path = user.png; sourceTree = "<group>"; };
		8AAF82B619D8ECCD000E118A /* 好友蓝色30.png */ = {isa = PBXFileReference; lastKnownFileType = image.png; path = "好友蓝色30.png"; sourceTree = "<group>"; };
		8AAF82B719D8ECCD000E118A /* 我的蓝色30.png */ = {isa = PBXFileReference; lastKnownFileType = image.png; path = "我的蓝色30.png"; sourceTree = "<group>"; };
		8AAF82B819D8ECCD000E118A /* 更多设置蓝色30.png */ = {isa = PBXFileReference; lastKnownFileType = image.png; path = "更多设置蓝色30.png"; sourceTree = "<group>"; };
		8AAF82B919D8ECCD000E118A /* 运动蓝色30.png */ = {isa = PBXFileReference; lastKnownFileType = image.png; path = "运动蓝色30.png"; sourceTree = "<group>"; };
		8AAF82BB19D8ECCD000E118A /* contact@2x.png */ = {isa = PBXFileReference; lastKnownFileType = image.png; path = "contact@2x.png"; sourceTree = "<group>"; };
		8AAF82BC19D8ECCD000E118A /* more@2x.png */ = {isa = PBXFileReference; lastKnownFileType = image.png; path = "more@2x.png"; sourceTree = "<group>"; };
		8AAF82BD19D8ECCD000E118A /* sport@2x.png */ = {isa = PBXFileReference; lastKnownFileType = image.png; path = "sport@2x.png"; sourceTree = "<group>"; };
		8AAF82BE19D8ECCD000E118A /* user@2x.png */ = {isa = PBXFileReference; lastKnownFileType = image.png; path = "user@2x.png"; sourceTree = "<group>"; };
		8AAF82BF19D8ECCD000E118A /* 好友蓝色60.png */ = {isa = PBXFileReference; lastKnownFileType = image.png; path = "好友蓝色60.png"; sourceTree = "<group>"; };
		8AAF82C019D8ECCD000E118A /* 我的蓝色60.png */ = {isa = PBXFileReference; lastKnownFileType = image.png; path = "我的蓝色60.png"; sourceTree = "<group>"; };
		8AAF82C119D8ECCD000E118A /* 更多蓝色60.png */ = {isa = PBXFileReference; lastKnownFileType = image.png; path = "更多蓝色60.png"; sourceTree = "<group>"; };
		8AAF82C219D8ECCD000E118A /* 运动蓝色60.png */ = {isa = PBXFileReference; lastKnownFileType = image.png; path = "运动蓝色60.png"; sourceTree = "<group>"; };
		8AB1ABD419CFA42600017485 /* SportViewController.h */ = {isa = PBXFileReference; fileEncoding = 4; lastKnownFileType = sourcecode.c.h; path = SportViewController.h; sourceTree = "<group>"; };
		8AB1ABD519CFA42600017485 /* SportViewController.m */ = {isa = PBXFileReference; fileEncoding = 4; lastKnownFileType = sourcecode.c.objc; path = SportViewController.m; sourceTree = "<group>"; };
		8AB1ABD819CFA79900017485 /* wendu_yuan2.h */ = {isa = PBXFileReference; fileEncoding = 4; lastKnownFileType = sourcecode.c.h; path = wendu_yuan2.h; sourceTree = "<group>"; };
		8AB1ABD919CFA79900017485 /* yuan2_zj.m */ = {isa = PBXFileReference; fileEncoding = 4; lastKnownFileType = sourcecode.c.objc; path = yuan2_zj.m; sourceTree = "<group>"; };
		8AB1ABDA19CFA79900017485 /* yuan2_sc.m */ = {isa = PBXFileReference; fileEncoding = 4; lastKnownFileType = sourcecode.c.objc; path = yuan2_sc.m; sourceTree = "<group>"; };
		8AB1ABDB19CFA79900017485 /* led_jishu.m */ = {isa = PBXFileReference; fileEncoding = 4; lastKnownFileType = sourcecode.c.objc; path = led_jishu.m; sourceTree = "<group>"; };
		8AB1ABDC19CFA79900017485 /* wendu_yuan2.m */ = {isa = PBXFileReference; fileEncoding = 4; lastKnownFileType = sourcecode.c.objc; path = wendu_yuan2.m; sourceTree = "<group>"; };
		8AB1ABDD19CFA79900017485 /* led_jishu.h */ = {isa = PBXFileReference; fileEncoding = 4; lastKnownFileType = sourcecode.c.h; path = led_jishu.h; sourceTree = "<group>"; };
		8AB1ABDE19CFA79900017485 /* yuan2_zj.h */ = {isa = PBXFileReference; fileEncoding = 4; lastKnownFileType = sourcecode.c.h; path = yuan2_zj.h; sourceTree = "<group>"; };
		8AB1ABDF19CFA79900017485 /* yuan2_sc.h */ = {isa = PBXFileReference; fileEncoding = 4; lastKnownFileType = sourcecode.c.h; path = yuan2_sc.h; sourceTree = "<group>"; };
		8AB1ABE819D5084500017485 /* fire.png */ = {isa = PBXFileReference; lastKnownFileType = image.png; path = fire.png; sourceTree = "<group>"; };
		8AB1ABE919D5084500017485 /* step.png */ = {isa = PBXFileReference; lastKnownFileType = image.png; path = step.png; sourceTree = "<group>"; };
		8AB1ABEA19D5084500017485 /* coin.png */ = {isa = PBXFileReference; lastKnownFileType = image.png; path = coin.png; sourceTree = "<group>"; };
		8AB1ABF219D5087300017485 /* calendar.png */ = {isa = PBXFileReference; lastKnownFileType = image.png; path = calendar.png; sourceTree = "<group>"; };
		8AB1ABF719D51B0800017485 /* launchP-568h@2x.png */ = {isa = PBXFileReference; lastKnownFileType = image.png; path = "launchP-568h@2x.png"; sourceTree = "<group>"; };
		8AB1ABFB19D51B0800017485 /* first.png */ = {isa = PBXFileReference; lastKnownFileType = image.png; path = first.png; sourceTree = "<group>"; };
		8AB1ABFC19D51B0800017485 /* launch.png */ = {isa = PBXFileReference; lastKnownFileType = image.png; path = launch.png; sourceTree = "<group>"; };
		8AB1ABFD19D51B0800017485 /* sec.png */ = {isa = PBXFileReference; lastKnownFileType = image.png; path = sec.png; sourceTree = "<group>"; };
		8AB1ABFE19D51B0800017485 /* share.png */ = {isa = PBXFileReference; lastKnownFileType = image.png; path = share.png; sourceTree = "<group>"; };
		8AB1AC0019D51B0800017485 /* first@2x.png */ = {isa = PBXFileReference; lastKnownFileType = image.png; path = "first@2x.png"; sourceTree = "<group>"; };
		8AB1AC0119D51B0800017485 /* launch@2x.png */ = {isa = PBXFileReference; lastKnownFileType = image.png; path = "launch@2x.png"; sourceTree = "<group>"; };
		8AB1AC0219D51B0800017485 /* sec@2x.png */ = {isa = PBXFileReference; lastKnownFileType = image.png; path = "sec@2x.png"; sourceTree = "<group>"; };
		8AB1AC0319D51B0800017485 /* share@2x.png */ = {isa = PBXFileReference; lastKnownFileType = image.png; path = "share@2x.png"; sourceTree = "<group>"; };
		8AB1AC1119D5388200017485 /* DKCircleButton.h */ = {isa = PBXFileReference; fileEncoding = 4; lastKnownFileType = sourcecode.c.h; path = DKCircleButton.h; sourceTree = "<group>"; };
		8AB1AC1219D5388200017485 /* DKCircleButton.m */ = {isa = PBXFileReference; fileEncoding = 4; lastKnownFileType = sourcecode.c.objc; path = DKCircleButton.m; sourceTree = "<group>"; };
		8AB1AC3119D80A0A00017485 /* LICENSE */ = {isa = PBXFileReference; fileEncoding = 4; lastKnownFileType = text; path = LICENSE; sourceTree = "<group>"; };
		8AB1AC3219D80A0A00017485 /* readme.md */ = {isa = PBXFileReference; fileEncoding = 4; lastKnownFileType = text; path = readme.md; sourceTree = "<group>"; };
		8AB1AC3319D80A0A00017485 /* SMPageControl.h */ = {isa = PBXFileReference; fileEncoding = 4; lastKnownFileType = sourcecode.c.h; path = SMPageControl.h; sourceTree = "<group>"; };
		8AB1AC3419D80A0A00017485 /* SMPageControl.m */ = {isa = PBXFileReference; fileEncoding = 4; lastKnownFileType = sourcecode.c.objc; path = SMPageControl.m; sourceTree = "<group>"; };
		8AB1AC3E19D8270500017485 /* firstP-568h@2x.png */ = {isa = PBXFileReference; lastKnownFileType = image.png; path = "firstP-568h@2x.png"; sourceTree = "<group>"; };
		8AB1AC3F19D8270500017485 /* secondP-568h@2x.png */ = {isa = PBXFileReference; lastKnownFileType = image.png; path = "secondP-568h@2x.png"; sourceTree = "<group>"; };
		8AB1AC4019D8270500017485 /* shareP-568h@2x.png */ = {isa = PBXFileReference; lastKnownFileType = image.png; path = "shareP-568h@2x.png"; sourceTree = "<group>"; };
		8AB6DA8A19C967B8009D30FF /* lightOfSea.jpg */ = {isa = PBXFileReference; lastKnownFileType = image.jpeg; path = lightOfSea.jpg; sourceTree = "<group>"; };
		8AB6DA8C19C9A96A009D30FF /* desert.jpg */ = {isa = PBXFileReference; lastKnownFileType = image.jpeg; path = desert.jpg; sourceTree = "<group>"; };
		8AC7F7F419DF8D2C008C2934 /* Radar.png */ = {isa = PBXFileReference; lastKnownFileType = image.png; path = Radar.png; sourceTree = "<group>"; };
		8AC7F7F919DF8FA6008C2934 /* RTSpinKit9CubeGridAnimation.h */ = {isa = PBXFileReference; fileEncoding = 4; lastKnownFileType = sourcecode.c.h; path = RTSpinKit9CubeGridAnimation.h; sourceTree = "<group>"; };
		8AC7F7FA19DF8FA6008C2934 /* RTSpinKit9CubeGridAnimation.m */ = {isa = PBXFileReference; fileEncoding = 4; lastKnownFileType = sourcecode.c.objc; path = RTSpinKit9CubeGridAnimation.m; sourceTree = "<group>"; };
		8AC7F7FB19DF8FA6008C2934 /* RTSpinKitArcAltAnimation.h */ = {isa = PBXFileReference; fileEncoding = 4; lastKnownFileType = sourcecode.c.h; path = RTSpinKitArcAltAnimation.h; sourceTree = "<group>"; };
		8AC7F7FC19DF8FA6008C2934 /* RTSpinKitArcAltAnimation.m */ = {isa = PBXFileReference; fileEncoding = 4; lastKnownFileType = sourcecode.c.objc; path = RTSpinKitArcAltAnimation.m; sourceTree = "<group>"; };
		8AC7F7FD19DF8FA6008C2934 /* RTSpinKitArcAnimation.h */ = {isa = PBXFileReference; fileEncoding = 4; lastKnownFileType = sourcecode.c.h; path = RTSpinKitArcAnimation.h; sourceTree = "<group>"; };
		8AC7F7FE19DF8FA6008C2934 /* RTSpinKitArcAnimation.m */ = {isa = PBXFileReference; fileEncoding = 4; lastKnownFileType = sourcecode.c.objc; path = RTSpinKitArcAnimation.m; sourceTree = "<group>"; };
		8AC7F7FF19DF8FA6008C2934 /* RTSpinKitBounceAnimation.h */ = {isa = PBXFileReference; fileEncoding = 4; lastKnownFileType = sourcecode.c.h; path = RTSpinKitBounceAnimation.h; sourceTree = "<group>"; };
		8AC7F80019DF8FA6008C2934 /* RTSpinKitBounceAnimation.m */ = {isa = PBXFileReference; fileEncoding = 4; lastKnownFileType = sourcecode.c.objc; path = RTSpinKitBounceAnimation.m; sourceTree = "<group>"; };
		8AC7F80119DF8FA6008C2934 /* RTSpinKitChasingDotsAnimation.h */ = {isa = PBXFileReference; fileEncoding = 4; lastKnownFileType = sourcecode.c.h; path = RTSpinKitChasingDotsAnimation.h; sourceTree = "<group>"; };
		8AC7F80219DF8FA6008C2934 /* RTSpinKitChasingDotsAnimation.m */ = {isa = PBXFileReference; fileEncoding = 4; lastKnownFileType = sourcecode.c.objc; path = RTSpinKitChasingDotsAnimation.m; sourceTree = "<group>"; };
		8AC7F80319DF8FA6008C2934 /* RTSpinKitCircleAnimation.h */ = {isa = PBXFileReference; fileEncoding = 4; lastKnownFileType = sourcecode.c.h; path = RTSpinKitCircleAnimation.h; sourceTree = "<group>"; };
		8AC7F80419DF8FA6008C2934 /* RTSpinKitCircleAnimation.m */ = {isa = PBXFileReference; fileEncoding = 4; lastKnownFileType = sourcecode.c.objc; path = RTSpinKitCircleAnimation.m; sourceTree = "<group>"; };
		8AC7F80519DF8FA6008C2934 /* RTSpinKitCircleFlipAnimation.h */ = {isa = PBXFileReference; fileEncoding = 4; lastKnownFileType = sourcecode.c.h; path = RTSpinKitCircleFlipAnimation.h; sourceTree = "<group>"; };
		8AC7F80619DF8FA6008C2934 /* RTSpinKitCircleFlipAnimation.m */ = {isa = PBXFileReference; fileEncoding = 4; lastKnownFileType = sourcecode.c.objc; path = RTSpinKitCircleFlipAnimation.m; sourceTree = "<group>"; };
		8AC7F80719DF8FA6008C2934 /* RTSpinKitFadingCircleAltAnimation.h */ = {isa = PBXFileReference; fileEncoding = 4; lastKnownFileType = sourcecode.c.h; path = RTSpinKitFadingCircleAltAnimation.h; sourceTree = "<group>"; };
		8AC7F80819DF8FA6008C2934 /* RTSpinKitFadingCircleAltAnimation.m */ = {isa = PBXFileReference; fileEncoding = 4; lastKnownFileType = sourcecode.c.objc; path = RTSpinKitFadingCircleAltAnimation.m; sourceTree = "<group>"; };
		8AC7F80919DF8FA6008C2934 /* RTSpinKitFadingCircleAnimation.h */ = {isa = PBXFileReference; fileEncoding = 4; lastKnownFileType = sourcecode.c.h; path = RTSpinKitFadingCircleAnimation.h; sourceTree = "<group>"; };
		8AC7F80A19DF8FA6008C2934 /* RTSpinKitFadingCircleAnimation.m */ = {isa = PBXFileReference; fileEncoding = 4; lastKnownFileType = sourcecode.c.objc; path = RTSpinKitFadingCircleAnimation.m; sourceTree = "<group>"; };
		8AC7F80B19DF8FA6008C2934 /* RTSpinKitPlaneAnimation.h */ = {isa = PBXFileReference; fileEncoding = 4; lastKnownFileType = sourcecode.c.h; path = RTSpinKitPlaneAnimation.h; sourceTree = "<group>"; };
		8AC7F80C19DF8FA6008C2934 /* RTSpinKitPlaneAnimation.m */ = {isa = PBXFileReference; fileEncoding = 4; lastKnownFileType = sourcecode.c.objc; path = RTSpinKitPlaneAnimation.m; sourceTree = "<group>"; };
		8AC7F80D19DF8FA6008C2934 /* RTSpinKitPulseAnimation.h */ = {isa = PBXFileReference; fileEncoding = 4; lastKnownFileType = sourcecode.c.h; path = RTSpinKitPulseAnimation.h; sourceTree = "<group>"; };
		8AC7F80E19DF8FA6008C2934 /* RTSpinKitPulseAnimation.m */ = {isa = PBXFileReference; fileEncoding = 4; lastKnownFileType = sourcecode.c.objc; path = RTSpinKitPulseAnimation.m; sourceTree = "<group>"; };
		8AC7F80F19DF8FA6008C2934 /* RTSpinKitThreeBounceAnimation.h */ = {isa = PBXFileReference; fileEncoding = 4; lastKnownFileType = sourcecode.c.h; path = RTSpinKitThreeBounceAnimation.h; sourceTree = "<group>"; };
		8AC7F81019DF8FA6008C2934 /* RTSpinKitThreeBounceAnimation.m */ = {isa = PBXFileReference; fileEncoding = 4; lastKnownFileType = sourcecode.c.objc; path = RTSpinKitThreeBounceAnimation.m; sourceTree = "<group>"; };
		8AC7F81119DF8FA6008C2934 /* RTSpinKitWanderingCubesAnimation.h */ = {isa = PBXFileReference; fileEncoding = 4; lastKnownFileType = sourcecode.c.h; path = RTSpinKitWanderingCubesAnimation.h; sourceTree = "<group>"; };
		8AC7F81219DF8FA6008C2934 /* RTSpinKitWanderingCubesAnimation.m */ = {isa = PBXFileReference; fileEncoding = 4; lastKnownFileType = sourcecode.c.objc; path = RTSpinKitWanderingCubesAnimation.m; sourceTree = "<group>"; };
		8AC7F81319DF8FA6008C2934 /* RTSpinKitWaveAnimation.h */ = {isa = PBXFileReference; fileEncoding = 4; lastKnownFileType = sourcecode.c.h; path = RTSpinKitWaveAnimation.h; sourceTree = "<group>"; };
		8AC7F81419DF8FA6008C2934 /* RTSpinKitWaveAnimation.m */ = {isa = PBXFileReference; fileEncoding = 4; lastKnownFileType = sourcecode.c.objc; path = RTSpinKitWaveAnimation.m; sourceTree = "<group>"; };
		8AC7F81519DF8FA6008C2934 /* RTSpinKitWordPressAnimation.h */ = {isa = PBXFileReference; fileEncoding = 4; lastKnownFileType = sourcecode.c.h; path = RTSpinKitWordPressAnimation.h; sourceTree = "<group>"; };
		8AC7F81619DF8FA6008C2934 /* RTSpinKitWordPressAnimation.m */ = {isa = PBXFileReference; fileEncoding = 4; lastKnownFileType = sourcecode.c.objc; path = RTSpinKitWordPressAnimation.m; sourceTree = "<group>"; };
		8AC7F81719DF8FA6008C2934 /* RTSpinKitAnimating.h */ = {isa = PBXFileReference; fileEncoding = 4; lastKnownFileType = sourcecode.c.h; path = RTSpinKitAnimating.h; sourceTree = "<group>"; };
		8AC7F81819DF8FA6008C2934 /* RTSpinKitUtils.h */ = {isa = PBXFileReference; fileEncoding = 4; lastKnownFileType = sourcecode.c.h; path = RTSpinKitUtils.h; sourceTree = "<group>"; };
		8AC7F81919DF8FA6008C2934 /* RTSpinKitUtils.m */ = {isa = PBXFileReference; fileEncoding = 4; lastKnownFileType = sourcecode.c.objc; path = RTSpinKitUtils.m; sourceTree = "<group>"; };
		8AC7F81A19DF8FA6008C2934 /* RTSpinKitView.h */ = {isa = PBXFileReference; fileEncoding = 4; lastKnownFileType = sourcecode.c.h; path = RTSpinKitView.h; sourceTree = "<group>"; };
		8AC7F81B19DF8FA6008C2934 /* RTSpinKitView.m */ = {isa = PBXFileReference; fileEncoding = 4; lastKnownFileType = sourcecode.c.objc; path = RTSpinKitView.m; sourceTree = "<group>"; };
		8AC7F82D19DF9020008C2934 /* RadarFriendViewController.h */ = {isa = PBXFileReference; fileEncoding = 4; lastKnownFileType = sourcecode.c.h; path = RadarFriendViewController.h; sourceTree = "<group>"; };
		8AC7F82E19DF9020008C2934 /* RadarFriendViewController.m */ = {isa = PBXFileReference; fileEncoding = 4; lastKnownFileType = sourcecode.c.objc; path = RadarFriendViewController.m; sourceTree = "<group>"; };
		8AC7F83019DFC535008C2934 /* FriendTableViewController.h */ = {isa = PBXFileReference; fileEncoding = 4; lastKnownFileType = sourcecode.c.h; path = FriendTableViewController.h; sourceTree = "<group>"; };
		8AC7F83119DFC535008C2934 /* FriendTableViewController.m */ = {isa = PBXFileReference; fileEncoding = 4; lastKnownFileType = sourcecode.c.objc; path = FriendTableViewController.m; sourceTree = "<group>"; };
		8AC7F83419DFEEC9008C2934 /* CHTumblrMenuView.h */ = {isa = PBXFileReference; fileEncoding = 4; lastKnownFileType = sourcecode.c.h; path = CHTumblrMenuView.h; sourceTree = "<group>"; };
		8AC7F83519DFEEC9008C2934 /* CHTumblrMenuView.m */ = {isa = PBXFileReference; fileEncoding = 4; lastKnownFileType = sourcecode.c.objc; path = CHTumblrMenuView.m; sourceTree = "<group>"; };
		8AD3A48F19C918E000B615A5 /* SMS_SDK.framework */ = {isa = PBXFileReference; lastKnownFileType = wrapper.framework; path = SMS_SDK.framework; sourceTree = "<group>"; };
		8AD3A49119C927F700B615A5 /* OnboardingContentViewController.h */ = {isa = PBXFileReference; fileEncoding = 4; lastKnownFileType = sourcecode.c.h; path = OnboardingContentViewController.h; sourceTree = "<group>"; };
		8AD3A49219C927F700B615A5 /* OnboardingContentViewController.m */ = {isa = PBXFileReference; fileEncoding = 4; lastKnownFileType = sourcecode.c.objc; path = OnboardingContentViewController.m; sourceTree = "<group>"; };
		8AD3A49319C927F700B615A5 /* OnboardingViewController.h */ = {isa = PBXFileReference; fileEncoding = 4; lastKnownFileType = sourcecode.c.h; path = OnboardingViewController.h; sourceTree = "<group>"; };
		8AD3A49419C927F700B615A5 /* OnboardingViewController.m */ = {isa = PBXFileReference; fileEncoding = 4; lastKnownFileType = sourcecode.c.objc; path = OnboardingViewController.m; sourceTree = "<group>"; };
		8AD3A49919C92B1C00B615A5 /* space1.png */ = {isa = PBXFileReference; lastKnownFileType = image.png; path = space1.png; sourceTree = "<group>"; };
		8AD3A49A19C92B1C00B615A5 /* space2.png */ = {isa = PBXFileReference; lastKnownFileType = image.png; path = space2.png; sourceTree = "<group>"; };
		8AD3A49B19C92B1C00B615A5 /* space3.png */ = {isa = PBXFileReference; lastKnownFileType = image.png; path = space3.png; sourceTree = "<group>"; };
		8AD3A49C19C92B1C00B615A5 /* space4.png */ = {isa = PBXFileReference; lastKnownFileType = image.png; path = space4.png; sourceTree = "<group>"; };
		8AD3A4A119C92B3D00B615A5 /* milky_way.jpg */ = {isa = PBXFileReference; lastKnownFileType = image.jpeg; path = milky_way.jpg; sourceTree = "<group>"; };
		8AD3A4A319C9597800B615A5 /* darkGreen.jpg */ = {isa = PBXFileReference; lastKnownFileType = image.jpeg; path = darkGreen.jpg; sourceTree = "<group>"; };
/* End PBXFileReference section */

/* Begin PBXFrameworksBuildPhase section */
		8A33783219C5C656008B9AF5 /* Frameworks */ = {
			isa = PBXFrameworksBuildPhase;
			buildActionMask = 2147483647;
			files = (
				8A04AF5C19C854A8000212E7 /* libicucore.dylib in Frameworks */,
				8AD3A49019C918E000B615A5 /* SMS_SDK.framework in Frameworks */,
				8A04AF5A19C85493000212E7 /* libz.dylib in Frameworks */,
				8A04AF5819C8546C000212E7 /* MessageUI.framework in Frameworks */,
				8A04AF5519C85455000212E7 /* AddressBook.framework in Frameworks */,
				8A04AF5619C85455000212E7 /* AddressBookUI.framework in Frameworks */,
				8A33783B19C5C656008B9AF5 /* CoreGraphics.framework in Frameworks */,
				8A33783D19C5C656008B9AF5 /* UIKit.framework in Frameworks */,
				8A33783919C5C656008B9AF5 /* Foundation.framework in Frameworks */,
				D41D73B070834F549D190742 /* libPods.a in Frameworks */,
			);
			runOnlyForDeploymentPostprocessing = 0;
		};
		8A33785619C5C656008B9AF5 /* Frameworks */ = {
			isa = PBXFrameworksBuildPhase;
			buildActionMask = 2147483647;
			files = (
				8A33785B19C5C656008B9AF5 /* XCTest.framework in Frameworks */,
				8A33785D19C5C656008B9AF5 /* UIKit.framework in Frameworks */,
				8A33785C19C5C656008B9AF5 /* Foundation.framework in Frameworks */,
			);
			runOnlyForDeploymentPostprocessing = 0;
		};
/* End PBXFrameworksBuildPhase section */

/* Begin PBXGroup section */
		8A04AEFB19C5CC37000212E7 /* UIL */ = {
			isa = PBXGroup;
			children = (
				8A33784A19C5C656008B9AF5 /* Main.storyboard */,
				8A04AF2019C6D42A000212E7 /* LMLoginViewController.h */,
				8A04AF2119C6D42A000212E7 /* LMLoginViewController.m */,
				8A1D4BF519CBD79700F27A3C /* UserCenterViewController.h */,
				8A1D4BF619CBD79700F27A3C /* UserCenterViewController.m */,
				8AB1ABD419CFA42600017485 /* SportViewController.h */,
				8AB1ABD519CFA42600017485 /* SportViewController.m */,
				8A4113EC19D90B1D002F2575 /* MainTabViewController.h */,
				8A4113ED19D90B1D002F2575 /* MainTabViewController.m */,
				8A4113EF19D92EA8002F2575 /* SportDetailViewController.h */,
				8A4113F019D92EA8002F2575 /* SportDetailViewController.m */,
				8AC7F82D19DF9020008C2934 /* RadarFriendViewController.h */,
				8AC7F82E19DF9020008C2934 /* RadarFriendViewController.m */,
				8AC7F83019DFC535008C2934 /* FriendTableViewController.h */,
				8AC7F83119DFC535008C2934 /* FriendTableViewController.m */,
			);
			name = UIL;
			sourceTree = "<group>";
		};
		8A04AEFC19C5CC41000212E7 /* BLL */ = {
			isa = PBXGroup;
			children = (
				8A04AF0F19C6BC01000212E7 /* LMUserBLDelegate.h */,
				8A04AF1019C6BC2C000212E7 /* LMSportBLDelegate.h */,
				8A04AF1119C6BC5E000212E7 /* LMContactBLDelegate.h */,
				8A04AF1219C6BC96000212E7 /* LMShopBLDelegate.h */,
				8A04AF0019C5D27C000212E7 /* LMUserActBL.h */,
				8A04AF0119C5D27C000212E7 /* LMUserActBL.m */,
				8A04AF0319C5D28D000212E7 /* LMContactBL.h */,
				8A04AF0419C5D28D000212E7 /* LMContactBL.m */,
				8A04AF0619C5D2A9000212E7 /* LMShopBL.h */,
				8A04AF0719C5D2A9000212E7 /* LMShopBL.m */,
				8A04AF0919C5D2E0000212E7 /* LMSportBL.h */,
				8A04AF0A19C5D2E0000212E7 /* LMSportBL.m */,
			);
			name = BLL;
			sourceTree = "<group>";
		};
		8A04AEFD19C5CC51000212E7 /* DAL */ = {
			isa = PBXGroup;
			children = (
				8A04AF1F19C6C9B1000212E7 /* LMUserActDADelegate.h */,
				8A04AF0C19C5E8F4000212E7 /* CoreDataDAO.h */,
				8A04AF0D19C5E8F4000212E7 /* CoreDataDAO.m */,
				8A04AF1319C6C0E2000212E7 /* UserActDA.h */,
				8A04AF1419C6C0E2000212E7 /* UserActDA.m */,
				8A04AF2919C7E319000212E7 /* User.h */,
				8A04AF2A19C7E319000212E7 /* User.m */,
			);
			name = DAL;
			sourceTree = "<group>";
		};
		8A04AEFE19C5CC7E000212E7 /* Entity */ = {
			isa = PBXGroup;
			children = (
			);
			name = Entity;
			sourceTree = "<group>";
		};
		8A04AEFF19C5CC88000212E7 /* Dependency */ = {
			isa = PBXGroup;
			children = (
				8A1D4BF819CD222300F27A3C /* CustonView */,
				8AD3A49719C9280500B615A5 /* StartPage_Onboard */,
				8AD3A48F19C918E000B615A5 /* SMS_SDK.framework */,
				8A04AF2C19C83982000212E7 /* MOB_SMS */,
			);
			name = Dependency;
			sourceTree = "<group>";
		};
		8A04AF2C19C83982000212E7 /* MOB_SMS */ = {
			isa = PBXGroup;
			children = (
				8A04AF4219C839FF000212E7 /* SMS_UILib */,
				8A04AF2D19C839E6000212E7 /* UI */,
			);
			name = MOB_SMS;
			sourceTree = "<group>";
		};
		8A04AF2D19C839E6000212E7 /* UI */ = {
			isa = PBXGroup;
			children = (
				8A04AF2E19C839E6000212E7 /* CustomCell.h */,
				8A04AF2F19C839E6000212E7 /* CustomCell.m */,
				8A04AF3019C839E6000212E7 /* InvitationViewControllerEx.h */,
				8A04AF3119C839E6000212E7 /* InvitationViewControllerEx.m */,
				8A04AF3219C839E6000212E7 /* RegViewController.h */,
				8A04AF3319C839E6000212E7 /* RegViewController.m */,
				8A04AF3419C839E6000212E7 /* SectionsViewController.h */,
				8A04AF3519C839E6000212E7 /* SectionsViewController.m */,
				8A04AF3619C839E6000212E7 /* SectionsViewControllerFriends.h */,
				8A04AF3719C839E6000212E7 /* SectionsViewControllerFriends.m */,
				8A04AF3819C839E6000212E7 /* smssdk.bundle */,
				8A04AF3919C839E6000212E7 /* VerifyViewController.h */,
				8A04AF3A19C839E6000212E7 /* VerifyViewController.m */,
			);
			path = UI;
			sourceTree = "<group>";
		};
		8A04AF4219C839FF000212E7 /* SMS_UILib */ = {
			isa = PBXGroup;
			children = (
				8A04AF4319C839FF000212E7 /* NSDictionary-DeepMutableCopy.h */,
				8A04AF4419C839FF000212E7 /* NSDictionary-DeepMutableCopy.m */,
				8A04AF4519C839FF000212E7 /* SMS_HYZBadgeView.h */,
				8A04AF4619C839FF000212E7 /* SMS_HYZBadgeView.m */,
				8A04AF4719C839FF000212E7 /* SMS_MBProgressHUD+Add.h */,
				8A04AF4819C839FF000212E7 /* SMS_MBProgressHUD+Add.m */,
				8A04AF4919C839FF000212E7 /* SMS_MBProgressHUD.h */,
				8A04AF4A19C839FF000212E7 /* SMS_MBProgressHUD.m */,
			);
			path = SMS_UILib;
			sourceTree = "<group>";
		};
		8A1D4BF819CD222300F27A3C /* CustonView */ = {
			isa = PBXGroup;
			children = (
				8AC7F83319DFEEC9008C2934 /* TumblrMenu */,
				8AC7F7F719DF8FA6008C2934 /* SpinKit */,
				8AB1AC3019D80A0A00017485 /* SMPageControl */,
				8AB1AC1019D5388200017485 /* DKCircleButton */,
				8AB1ABD719CFA76300017485 /* SportCirle */,
				8A1D4C1819CD67AE00F27A3C /* HomeAdr */,
				8A1D4BFF19CD22DB00F27A3C /* TrainAdrPicker */,
			);
			name = CustonView;
			sourceTree = "<group>";
		};
		8A1D4BFF19CD22DB00F27A3C /* TrainAdrPicker */ = {
			isa = PBXGroup;
			children = (
				8A1D4C1219CD238E00F27A3C /* ALPickerView.m */,
				8A1D4C1319CD238E00F27A3C /* ALPickerViewCell.m */,
				8A1D4C1419CD238E00F27A3C /* ALPickerView.h */,
				8A1D4C1519CD238E00F27A3C /* ALPickerViewCell.h */,
				8A1D4C0F19CD237D00F27A3C /* CYCustomMultiSelectPickerView.h */,
				8A1D4C1019CD237D00F27A3C /* CYCustomMultiSelectPickerView.m */,
				8A1D4C0019CD234000F27A3C /* ImageRes */,
			);
			name = TrainAdrPicker;
			sourceTree = "<group>";
		};
		8A1D4C0019CD234000F27A3C /* ImageRes */ = {
			isa = PBXGroup;
			children = (
				8A1D4C0119CD234000F27A3C /* check@2x.png */,
				8A1D4C0219CD234000F27A3C /* check_selected@2x.png */,
				8A1D4C0319CD234000F27A3C /* frame_left@2x.png */,
				8A1D4C0419CD234000F27A3C /* frame_middle@2x.png */,
				8A1D4C0519CD234000F27A3C /* frame_right@2x.png */,
				8A1D4C0619CD234000F27A3C /* wheel_bg@2x.png */,
				8A1D4C0719CD234000F27A3C /* wheel_shadow@2x.png */,
			);
			path = ImageRes;
			sourceTree = "<group>";
		};
		8A1D4C1819CD67AE00F27A3C /* HomeAdr */ = {
			isa = PBXGroup;
			children = (
				8A1D4C1D19CD683E00F27A3C /* LMComBoxView.h */,
				8A1D4C1E19CD683E00F27A3C /* LMComBoxView.m */,
				8A1D4C1F19CD683E00F27A3C /* LMContainsLMComboxScrollView.h */,
				8A1D4C2019CD683E00F27A3C /* LMContainsLMComboxScrollView.m */,
				8A1D4C1919CD681600F27A3C /* down_dark0.png */,
				8A1D4C1A19CD681600F27A3C /* area.plist */,
			);
			name = HomeAdr;
			sourceTree = "<group>";
		};
		8A33782C19C5C656008B9AF5 = {
			isa = PBXGroup;
			children = (
				8A33783E19C5C656008B9AF5 /* LikeMoves */,
				8A33786019C5C656008B9AF5 /* LikeMovesTests */,
				8A33783719C5C656008B9AF5 /* Frameworks */,
				8A33783619C5C656008B9AF5 /* Products */,
				8537D76263BF40DE821C602A /* Pods.xcconfig */,
			);
			sourceTree = "<group>";
		};
		8A33783619C5C656008B9AF5 /* Products */ = {
			isa = PBXGroup;
			children = (
				8A33783519C5C656008B9AF5 /* LikeMoves.app */,
				8A33785919C5C656008B9AF5 /* LikeMovesTests.xctest */,
			);
			name = Products;
			sourceTree = "<group>";
		};
		8A33783719C5C656008B9AF5 /* Frameworks */ = {
			isa = PBXGroup;
			children = (
				8A04AF5B19C854A8000212E7 /* libicucore.dylib */,
				8A04AF5919C85493000212E7 /* libz.dylib */,
				8A04AF5719C8546C000212E7 /* MessageUI.framework */,
				8A04AF5319C85455000212E7 /* AddressBook.framework */,
				8A04AF5419C85455000212E7 /* AddressBookUI.framework */,
				8A04AF5119C83B7F000212E7 /* SMS_SDK.framework */,
				8A33783819C5C656008B9AF5 /* Foundation.framework */,
				8A33783A19C5C656008B9AF5 /* CoreGraphics.framework */,
				8A33783C19C5C656008B9AF5 /* UIKit.framework */,
				8A33785A19C5C656008B9AF5 /* XCTest.framework */,
				87037E4CF18F459E9DB69442 /* libPods.a */,
			);
			name = Frameworks;
			sourceTree = "<group>";
		};
		8A33783E19C5C656008B9AF5 /* LikeMoves */ = {
			isa = PBXGroup;
			children = (
				8A33784719C5C656008B9AF5 /* LMAppDelegate.h */,
				8A33784819C5C656008B9AF5 /* LMAppDelegate.m */,
				8A04AEFB19C5CC37000212E7 /* UIL */,
				8A04AEFF19C5CC88000212E7 /* Dependency */,
				8A04AEFE19C5CC7E000212E7 /* Entity */,
				8A04AEFD19C5CC51000212E7 /* DAL */,
				8A04AEFC19C5CC41000212E7 /* BLL */,
				8A33785319C5C656008B9AF5 /* Images.xcassets */,
				8A33783F19C5C656008B9AF5 /* Supporting Files */,
			);
			path = LikeMoves;
			sourceTree = "<group>";
		};
		8A33783F19C5C656008B9AF5 /* Supporting Files */ = {
			isa = PBXGroup;
			children = (
				8AD3A49819C92A6F00B615A5 /* images */,
				8A04AF4F19C83A2D000212E7 /* country.plist */,
				8A04AF1619C6C1A1000212E7 /* CoreDateMoves.xcdatamodeld */,
				8A33784019C5C656008B9AF5 /* LikeMoves-Info.plist */,
				8A33784119C5C656008B9AF5 /* InfoPlist.strings */,
				8A33784419C5C656008B9AF5 /* main.m */,
				8A33784619C5C656008B9AF5 /* LikeMoves-Prefix.pch */,
			);
			name = "Supporting Files";
			sourceTree = "<group>";
		};
		8A33786019C5C656008B9AF5 /* LikeMovesTests */ = {
			isa = PBXGroup;
			children = (
				8A33786619C5C656008B9AF5 /* LikeMovesTests.m */,
				8A33786119C5C656008B9AF5 /* Supporting Files */,
			);
			path = LikeMovesTests;
			sourceTree = "<group>";
		};
		8A33786119C5C656008B9AF5 /* Supporting Files */ = {
			isa = PBXGroup;
			children = (
				8A33786219C5C656008B9AF5 /* LikeMovesTests-Info.plist */,
				8A33786319C5C656008B9AF5 /* InfoPlist.strings */,
			);
			name = "Supporting Files";
			sourceTree = "<group>";
		};
		8AAF82AF19D8ECCD000E118A /* PageElement */ = {
			isa = PBXGroup;
			children = (
				8AC7F7F419DF8D2C008C2934 /* Radar.png */,
				8A4113EA19D90453002F2575 /* shareBtn.png */,
				8A4113E819D903F9002F2575 /* chartBtn.png */,
				8A4113E419D8F6C6002F2575 /* navi.png */,
				8AB1ABF419D51B0800017485 /* launch image */,
				8AAF82B019D8ECCD000E118A /* icons */,
			);
			path = PageElement;
			sourceTree = "<group>";
		};
		8AAF82B019D8ECCD000E118A /* icons */ = {
			isa = PBXGroup;
			children = (
				8AAF82B119D8ECCD000E118A /* 30 */,
				8AAF82BA19D8ECCD000E118A /* 60 */,
			);
			path = icons;
			sourceTree = "<group>";
		};
		8AAF82B119D8ECCD000E118A /* 30 */ = {
			isa = PBXGroup;
			children = (
				8AAF82B219D8ECCD000E118A /* contact.png */,
				8AAF82B319D8ECCD000E118A /* more.png */,
				8AAF82B419D8ECCD000E118A /* sport.png */,
				8AAF82B519D8ECCD000E118A /* user.png */,
				8AAF82B619D8ECCD000E118A /* 好友蓝色30.png */,
				8AAF82B719D8ECCD000E118A /* 我的蓝色30.png */,
				8AAF82B819D8ECCD000E118A /* 更多设置蓝色30.png */,
				8AAF82B919D8ECCD000E118A /* 运动蓝色30.png */,
			);
			path = 30;
			sourceTree = "<group>";
		};
		8AAF82BA19D8ECCD000E118A /* 60 */ = {
			isa = PBXGroup;
			children = (
				8AAF82BB19D8ECCD000E118A /* contact@2x.png */,
				8AAF82BC19D8ECCD000E118A /* more@2x.png */,
				8AAF82BD19D8ECCD000E118A /* sport@2x.png */,
				8AAF82BE19D8ECCD000E118A /* user@2x.png */,
				8AAF82BF19D8ECCD000E118A /* 好友蓝色60.png */,
				8AAF82C019D8ECCD000E118A /* 我的蓝色60.png */,
				8AAF82C119D8ECCD000E118A /* 更多蓝色60.png */,
				8AAF82C219D8ECCD000E118A /* 运动蓝色60.png */,
			);
			path = 60;
			sourceTree = "<group>";
		};
		8AB1ABD719CFA76300017485 /* SportCirle */ = {
			isa = PBXGroup;
			children = (
				8AB1ABD819CFA79900017485 /* wendu_yuan2.h */,
				8AB1ABD919CFA79900017485 /* yuan2_zj.m */,
				8AB1ABDA19CFA79900017485 /* yuan2_sc.m */,
				8AB1ABDB19CFA79900017485 /* led_jishu.m */,
				8AB1ABDC19CFA79900017485 /* wendu_yuan2.m */,
				8AB1ABDD19CFA79900017485 /* led_jishu.h */,
				8AB1ABDE19CFA79900017485 /* yuan2_zj.h */,
				8AB1ABDF19CFA79900017485 /* yuan2_sc.h */,
			);
			name = SportCirle;
			sourceTree = "<group>";
		};
		8AB1ABF419D51B0800017485 /* launch image */ = {
			isa = PBXGroup;
			children = (
				8AB1ABF519D51B0800017485 /* 1136 */,
				8AB1ABFA19D51B0800017485 /* 480 */,
				8AB1ABFF19D51B0800017485 /* 960 */,
			);
			name = "launch image";
			path = "../launch image";
			sourceTree = "<group>";
		};
		8AB1ABF519D51B0800017485 /* 1136 */ = {
			isa = PBXGroup;
			children = (
				8AB1AC3E19D8270500017485 /* firstP-568h@2x.png */,
				8AB1AC3F19D8270500017485 /* secondP-568h@2x.png */,
				8AB1AC4019D8270500017485 /* shareP-568h@2x.png */,
				8AB1ABF719D51B0800017485 /* launchP-568h@2x.png */,
			);
			path = 1136;
			sourceTree = "<group>";
		};
		8AB1ABFA19D51B0800017485 /* 480 */ = {
			isa = PBXGroup;
			children = (
				8AB1ABFB19D51B0800017485 /* first.png */,
				8AB1ABFC19D51B0800017485 /* launch.png */,
				8AB1ABFD19D51B0800017485 /* sec.png */,
				8AB1ABFE19D51B0800017485 /* share.png */,
			);
			path = 480;
			sourceTree = "<group>";
		};
		8AB1ABFF19D51B0800017485 /* 960 */ = {
			isa = PBXGroup;
			children = (
				8AB1AC0019D51B0800017485 /* first@2x.png */,
				8AB1AC0119D51B0800017485 /* launch@2x.png */,
				8AB1AC0219D51B0800017485 /* sec@2x.png */,
				8AB1AC0319D51B0800017485 /* share@2x.png */,
			);
			path = 960;
			sourceTree = "<group>";
		};
		8AB1AC1019D5388200017485 /* DKCircleButton */ = {
			isa = PBXGroup;
			children = (
				8AB1AC1119D5388200017485 /* DKCircleButton.h */,
				8AB1AC1219D5388200017485 /* DKCircleButton.m */,
			);
			path = DKCircleButton;
			sourceTree = "<group>";
		};
		8AB1AC3019D80A0A00017485 /* SMPageControl */ = {
			isa = PBXGroup;
			children = (
				8AB1AC3119D80A0A00017485 /* LICENSE */,
				8AB1AC3219D80A0A00017485 /* readme.md */,
				8AB1AC3319D80A0A00017485 /* SMPageControl.h */,
				8AB1AC3419D80A0A00017485 /* SMPageControl.m */,
			);
			path = SMPageControl;
			sourceTree = "<group>";
		};
		8AC7F7F719DF8FA6008C2934 /* SpinKit */ = {
			isa = PBXGroup;
			children = (
				8AC7F7F819DF8FA6008C2934 /* Animations */,
				8AC7F81719DF8FA6008C2934 /* RTSpinKitAnimating.h */,
				8AC7F81819DF8FA6008C2934 /* RTSpinKitUtils.h */,
				8AC7F81919DF8FA6008C2934 /* RTSpinKitUtils.m */,
				8AC7F81A19DF8FA6008C2934 /* RTSpinKitView.h */,
				8AC7F81B19DF8FA6008C2934 /* RTSpinKitView.m */,
			);
			path = SpinKit;
			sourceTree = "<group>";
		};
		8AC7F7F819DF8FA6008C2934 /* Animations */ = {
			isa = PBXGroup;
			children = (
				8AC7F7F919DF8FA6008C2934 /* RTSpinKit9CubeGridAnimation.h */,
				8AC7F7FA19DF8FA6008C2934 /* RTSpinKit9CubeGridAnimation.m */,
				8AC7F7FB19DF8FA6008C2934 /* RTSpinKitArcAltAnimation.h */,
				8AC7F7FC19DF8FA6008C2934 /* RTSpinKitArcAltAnimation.m */,
				8AC7F7FD19DF8FA6008C2934 /* RTSpinKitArcAnimation.h */,
				8AC7F7FE19DF8FA6008C2934 /* RTSpinKitArcAnimation.m */,
				8AC7F7FF19DF8FA6008C2934 /* RTSpinKitBounceAnimation.h */,
				8AC7F80019DF8FA6008C2934 /* RTSpinKitBounceAnimation.m */,
				8AC7F80119DF8FA6008C2934 /* RTSpinKitChasingDotsAnimation.h */,
				8AC7F80219DF8FA6008C2934 /* RTSpinKitChasingDotsAnimation.m */,
				8AC7F80319DF8FA6008C2934 /* RTSpinKitCircleAnimation.h */,
				8AC7F80419DF8FA6008C2934 /* RTSpinKitCircleAnimation.m */,
				8AC7F80519DF8FA6008C2934 /* RTSpinKitCircleFlipAnimation.h */,
				8AC7F80619DF8FA6008C2934 /* RTSpinKitCircleFlipAnimation.m */,
				8AC7F80719DF8FA6008C2934 /* RTSpinKitFadingCircleAltAnimation.h */,
				8AC7F80819DF8FA6008C2934 /* RTSpinKitFadingCircleAltAnimation.m */,
				8AC7F80919DF8FA6008C2934 /* RTSpinKitFadingCircleAnimation.h */,
				8AC7F80A19DF8FA6008C2934 /* RTSpinKitFadingCircleAnimation.m */,
				8AC7F80B19DF8FA6008C2934 /* RTSpinKitPlaneAnimation.h */,
				8AC7F80C19DF8FA6008C2934 /* RTSpinKitPlaneAnimation.m */,
				8AC7F80D19DF8FA6008C2934 /* RTSpinKitPulseAnimation.h */,
				8AC7F80E19DF8FA6008C2934 /* RTSpinKitPulseAnimation.m */,
				8AC7F80F19DF8FA6008C2934 /* RTSpinKitThreeBounceAnimation.h */,
				8AC7F81019DF8FA6008C2934 /* RTSpinKitThreeBounceAnimation.m */,
				8AC7F81119DF8FA6008C2934 /* RTSpinKitWanderingCubesAnimation.h */,
				8AC7F81219DF8FA6008C2934 /* RTSpinKitWanderingCubesAnimation.m */,
				8AC7F81319DF8FA6008C2934 /* RTSpinKitWaveAnimation.h */,
				8AC7F81419DF8FA6008C2934 /* RTSpinKitWaveAnimation.m */,
				8AC7F81519DF8FA6008C2934 /* RTSpinKitWordPressAnimation.h */,
				8AC7F81619DF8FA6008C2934 /* RTSpinKitWordPressAnimation.m */,
			);
			path = Animations;
			sourceTree = "<group>";
		};
		8AC7F83319DFEEC9008C2934 /* TumblrMenu */ = {
			isa = PBXGroup;
			children = (
				8AC7F83419DFEEC9008C2934 /* CHTumblrMenuView.h */,
				8AC7F83519DFEEC9008C2934 /* CHTumblrMenuView.m */,
			);
			path = TumblrMenu;
			sourceTree = "<group>";
		};
		8AD3A49719C9280500B615A5 /* StartPage_Onboard */ = {
			isa = PBXGroup;
			children = (
				8AD3A49119C927F700B615A5 /* OnboardingContentViewController.h */,
				8AD3A49219C927F700B615A5 /* OnboardingContentViewController.m */,
				8AD3A49319C927F700B615A5 /* OnboardingViewController.h */,
				8AD3A49419C927F700B615A5 /* OnboardingViewController.m */,
			);
			name = StartPage_Onboard;
			sourceTree = "<group>";
		};
		8AD3A49819C92A6F00B615A5 /* images */ = {
			isa = PBXGroup;
			children = (
				8AAF82AF19D8ECCD000E118A /* PageElement */,
				8AB1ABF219D5087300017485 /* calendar.png */,
				8AB1ABE819D5084500017485 /* fire.png */,
				8AB1ABE919D5084500017485 /* step.png */,
				8AB1ABEA19D5084500017485 /* coin.png */,
				8AB6DA8C19C9A96A009D30FF /* desert.jpg */,
				8AB6DA8A19C967B8009D30FF /* lightOfSea.jpg */,
				8AD3A4A319C9597800B615A5 /* darkGreen.jpg */,
				8AD3A4A119C92B3D00B615A5 /* milky_way.jpg */,
				8AD3A49919C92B1C00B615A5 /* space1.png */,
				8AD3A49A19C92B1C00B615A5 /* space2.png */,
				8AD3A49B19C92B1C00B615A5 /* space3.png */,
				8AD3A49C19C92B1C00B615A5 /* space4.png */,
			);
			name = images;
			sourceTree = "<group>";
		};
/* End PBXGroup section */

/* Begin PBXNativeTarget section */
		8A33783419C5C656008B9AF5 /* LikeMoves */ = {
			isa = PBXNativeTarget;
			buildConfigurationList = 8A33786A19C5C656008B9AF5 /* Build configuration list for PBXNativeTarget "LikeMoves" */;
			buildPhases = (
				B206127133B144E78CDCBDA5 /* Check Pods Manifest.lock */,
				8A33783119C5C656008B9AF5 /* Sources */,
				8A33783219C5C656008B9AF5 /* Frameworks */,
				8A33783319C5C656008B9AF5 /* Resources */,
				38044596177746ABA60A55E1 /* Copy Pods Resources */,
			);
			buildRules = (
			);
			dependencies = (
			);
			name = LikeMoves;
			productName = LikeMoves;
			productReference = 8A33783519C5C656008B9AF5 /* LikeMoves.app */;
			productType = "com.apple.product-type.application";
		};
		8A33785819C5C656008B9AF5 /* LikeMovesTests */ = {
			isa = PBXNativeTarget;
			buildConfigurationList = 8A33786D19C5C656008B9AF5 /* Build configuration list for PBXNativeTarget "LikeMovesTests" */;
			buildPhases = (
				8A33785519C5C656008B9AF5 /* Sources */,
				8A33785619C5C656008B9AF5 /* Frameworks */,
				8A33785719C5C656008B9AF5 /* Resources */,
			);
			buildRules = (
			);
			dependencies = (
				8A33785F19C5C656008B9AF5 /* PBXTargetDependency */,
			);
			name = LikeMovesTests;
			productName = LikeMovesTests;
			productReference = 8A33785919C5C656008B9AF5 /* LikeMovesTests.xctest */;
			productType = "com.apple.product-type.bundle.unit-test";
		};
/* End PBXNativeTarget section */

/* Begin PBXProject section */
		8A33782D19C5C656008B9AF5 /* Project object */ = {
			isa = PBXProject;
			attributes = {
				CLASSPREFIX = LM;
				LastUpgradeCheck = 0510;
				ORGANIZATIONNAME = "Licheng Yang";
				TargetAttributes = {
					8A33783419C5C656008B9AF5 = {
						DevelopmentTeam = 2BTGDXHM3Q;
						SystemCapabilities = {
							com.apple.BackgroundModes = {
								enabled = 1;
							};
						};
					};
					8A33785819C5C656008B9AF5 = {
						TestTargetID = 8A33783419C5C656008B9AF5;
					};
				};
			};
			buildConfigurationList = 8A33783019C5C656008B9AF5 /* Build configuration list for PBXProject "LikeMoves" */;
			compatibilityVersion = "Xcode 3.2";
			developmentRegion = English;
			hasScannedForEncodings = 0;
			knownRegions = (
				en,
				Base,
			);
			mainGroup = 8A33782C19C5C656008B9AF5;
			productRefGroup = 8A33783619C5C656008B9AF5 /* Products */;
			projectDirPath = "";
			projectRoot = "";
			targets = (
				8A33783419C5C656008B9AF5 /* LikeMoves */,
				8A33785819C5C656008B9AF5 /* LikeMovesTests */,
			);
		};
/* End PBXProject section */

/* Begin PBXResourcesBuildPhase section */
		8A33783319C5C656008B9AF5 /* Resources */ = {
			isa = PBXResourcesBuildPhase;
			buildActionMask = 2147483647;
			files = (
				8AB1ABF319D5087300017485 /* calendar.png in Resources */,
				8AAF82C919D8ECCD000E118A /* 更多设置蓝色30.png in Resources */,
				8AB1AC0819D51B0800017485 /* first.png in Resources */,
				8AB1AC0E19D51B0800017485 /* sec@2x.png in Resources */,
				8A04AF5019C83A2D000212E7 /* country.plist in Resources */,
				8A1D4C1C19CD681600F27A3C /* area.plist in Resources */,
				8AB1AC0F19D51B0800017485 /* share@2x.png in Resources */,
				8A1D4C0919CD234000F27A3C /* check_selected@2x.png in Resources */,
				8A33785419C5C656008B9AF5 /* Images.xcassets in Resources */,
				8AAF82CC19D8ECCD000E118A /* more@2x.png in Resources */,
				8AAF82D219D8ECCD000E118A /* 运动蓝色60.png in Resources */,
				8A1D4C0A19CD234000F27A3C /* frame_left@2x.png in Resources */,
				8AB1AC0919D51B0800017485 /* launch.png in Resources */,
				8A33784319C5C656008B9AF5 /* InfoPlist.strings in Resources */,
				8AB6DA8B19C967B8009D30FF /* lightOfSea.jpg in Resources */,
				8AB6DA8D19C9A96A009D30FF /* desert.jpg in Resources */,
				8AAF82CD19D8ECCD000E118A /* sport@2x.png in Resources */,
				8AAF82D119D8ECCD000E118A /* 更多蓝色60.png in Resources */,
				8AB1AC3519D80A0A00017485 /* LICENSE in Resources */,
				8AAF82C619D8ECCD000E118A /* user.png in Resources */,
				8AB1AC0C19D51B0800017485 /* first@2x.png in Resources */,
				8AAF82C319D8ECCD000E118A /* contact.png in Resources */,
				8A1D4C1B19CD681600F27A3C /* down_dark0.png in Resources */,
				8A04AF4019C839E6000212E7 /* smssdk.bundle in Resources */,
				8AB1ABEF19D5084500017485 /* coin.png in Resources */,
				8AD3A49F19C92B1C00B615A5 /* space3.png in Resources */,
				8AD3A49D19C92B1C00B615A5 /* space1.png in Resources */,
				8AD3A4A219C92B3D00B615A5 /* milky_way.jpg in Resources */,
				8AD3A4A419C9597800B615A5 /* darkGreen.jpg in Resources */,
				8AAF82CB19D8ECCD000E118A /* contact@2x.png in Resources */,
				8AAF82C719D8ECCD000E118A /* 好友蓝色30.png in Resources */,
				8AB1AC4119D8270500017485 /* firstP-568h@2x.png in Resources */,
				8A1D4C0D19CD234000F27A3C /* wheel_bg@2x.png in Resources */,
				8AAF82D019D8ECCD000E118A /* 我的蓝色60.png in Resources */,
				8AB1AC0D19D51B0800017485 /* launch@2x.png in Resources */,
				8AAF82C419D8ECCD000E118A /* more.png in Resources */,
				8A33784C19C5C656008B9AF5 /* Main.storyboard in Resources */,
				8AAF82C519D8ECCD000E118A /* sport.png in Resources */,
				8A1D4C0E19CD234000F27A3C /* wheel_shadow@2x.png in Resources */,
				8A1D4C0C19CD234000F27A3C /* frame_right@2x.png in Resources */,
				8AAF82CA19D8ECCD000E118A /* 运动蓝色30.png in Resources */,
				8AAF82C819D8ECCD000E118A /* 我的蓝色30.png in Resources */,
				8AB1AC4219D8270500017485 /* secondP-568h@2x.png in Resources */,
				8AD3A4A019C92B1C00B615A5 /* space4.png in Resources */,
				8A4113EB19D90453002F2575 /* shareBtn.png in Resources */,
				8AB1ABEE19D5084500017485 /* step.png in Resources */,
				8AB1AC0B19D51B0800017485 /* share.png in Resources */,
				8AAF82CF19D8ECCD000E118A /* 好友蓝色60.png in Resources */,
				8AB1AC0A19D51B0800017485 /* sec.png in Resources */,
				8AB1AC4319D8270500017485 /* shareP-568h@2x.png in Resources */,
				8A1D4C0B19CD234000F27A3C /* frame_middle@2x.png in Resources */,
				8A4113E919D903F9002F2575 /* chartBtn.png in Resources */,
				8A4113E519D8F6C6002F2575 /* navi.png in Resources */,
				8AC7F7F519DF8D2C008C2934 /* Radar.png in Resources */,
				8AD3A49E19C92B1C00B615A5 /* space2.png in Resources */,
				8AAF82CE19D8ECCD000E118A /* user@2x.png in Resources */,
				8A1D4C0819CD234000F27A3C /* check@2x.png in Resources */,
				8AB1AC0519D51B0800017485 /* launchP-568h@2x.png in Resources */,
				8AB1AC3619D80A0A00017485 /* readme.md in Resources */,
				8AB1ABED19D5084500017485 /* fire.png in Resources */,
			);
			runOnlyForDeploymentPostprocessing = 0;
		};
		8A33785719C5C656008B9AF5 /* Resources */ = {
			isa = PBXResourcesBuildPhase;
			buildActionMask = 2147483647;
			files = (
				8A33786519C5C656008B9AF5 /* InfoPlist.strings in Resources */,
			);
			runOnlyForDeploymentPostprocessing = 0;
		};
/* End PBXResourcesBuildPhase section */

/* Begin PBXShellScriptBuildPhase section */
		38044596177746ABA60A55E1 /* Copy Pods Resources */ = {
			isa = PBXShellScriptBuildPhase;
			buildActionMask = 2147483647;
			files = (
			);
			inputPaths = (
			);
			name = "Copy Pods Resources";
			outputPaths = (
			);
			runOnlyForDeploymentPostprocessing = 0;
			shellPath = /bin/sh;
			shellScript = "\"${SRCROOT}/Pods/Pods-resources.sh\"\n";
			showEnvVarsInLog = 0;
		};
		B206127133B144E78CDCBDA5 /* Check Pods Manifest.lock */ = {
			isa = PBXShellScriptBuildPhase;
			buildActionMask = 2147483647;
			files = (
			);
			inputPaths = (
			);
			name = "Check Pods Manifest.lock";
			outputPaths = (
			);
			runOnlyForDeploymentPostprocessing = 0;
			shellPath = /bin/sh;
			shellScript = "diff \"${PODS_ROOT}/../Podfile.lock\" \"${PODS_ROOT}/Manifest.lock\" > /dev/null\nif [[ $? != 0 ]] ; then\n    cat << EOM\nerror: The sandbox is not in sync with the Podfile.lock. Run 'pod install' or update your CocoaPods installation.\nEOM\n    exit 1\nfi\n";
			showEnvVarsInLog = 0;
		};
/* End PBXShellScriptBuildPhase section */

/* Begin PBXSourcesBuildPhase section */
		8A33783119C5C656008B9AF5 /* Sources */ = {
			isa = PBXSourcesBuildPhase;
			buildActionMask = 2147483647;
			files = (
				8A04AF4B19C839FF000212E7 /* NSDictionary-DeepMutableCopy.m in Sources */,
				8AC7F82A19DF8FA6008C2934 /* RTSpinKitWordPressAnimation.m in Sources */,
				8AC7F82619DF8FA6008C2934 /* RTSpinKitPulseAnimation.m in Sources */,
				8A33784519C5C656008B9AF5 /* main.m in Sources */,
				8AB1ABE219CFA79900017485 /* led_jishu.m in Sources */,
				8A04AF3D19C839E6000212E7 /* RegViewController.m in Sources */,
				8AC7F81C19DF8FA6008C2934 /* RTSpinKit9CubeGridAnimation.m in Sources */,
				8A04AF0219C5D27C000212E7 /* LMUserActBL.m in Sources */,
				8AC7F83219DFC535008C2934 /* FriendTableViewController.m in Sources */,
				8A04AF4C19C839FF000212E7 /* SMS_HYZBadgeView.m in Sources */,
				8AC7F82119DF8FA6008C2934 /* RTSpinKitCircleAnimation.m in Sources */,
				8A1D4C2119CD683E00F27A3C /* LMComBoxView.m in Sources */,
				8A04AF3B19C839E6000212E7 /* CustomCell.m in Sources */,
				8AB1ABD619CFA42600017485 /* SportViewController.m in Sources */,
				8AC7F82219DF8FA6008C2934 /* RTSpinKitCircleFlipAnimation.m in Sources */,
				8A04AF3C19C839E6000212E7 /* InvitationViewControllerEx.m in Sources */,
				8AC7F82F19DF9020008C2934 /* RadarFriendViewController.m in Sources */,
				8AB1ABE119CFA79900017485 /* yuan2_sc.m in Sources */,
				8AC7F82319DF8FA6008C2934 /* RTSpinKitFadingCircleAltAnimation.m in Sources */,
				8A4113EE19D90B1D002F2575 /* MainTabViewController.m in Sources */,
				8AB1ABE319CFA79900017485 /* wendu_yuan2.m in Sources */,
				8A04AF2219C6D42A000212E7 /* LMLoginViewController.m in Sources */,
				8A04AF0519C5D28D000212E7 /* LMContactBL.m in Sources */,
				8A33784919C5C656008B9AF5 /* LMAppDelegate.m in Sources */,
				8A04AF0819C5D2A9000212E7 /* LMShopBL.m in Sources */,
				8AC7F82919DF8FA6008C2934 /* RTSpinKitWaveAnimation.m in Sources */,
				8A04AF2B19C7E319000212E7 /* User.m in Sources */,
				8A1D4BF719CBD79700F27A3C /* UserCenterViewController.m in Sources */,
				8AC7F82C19DF8FA6008C2934 /* RTSpinKitView.m in Sources */,
				8AC7F82719DF8FA6008C2934 /* RTSpinKitThreeBounceAnimation.m in Sources */,
				8AC7F81D19DF8FA6008C2934 /* RTSpinKitArcAltAnimation.m in Sources */,
				8AB1AC1319D5388200017485 /* DKCircleButton.m in Sources */,
				8A1D4C1619CD238E00F27A3C /* ALPickerView.m in Sources */,
				8A04AF1819C6C1A1000212E7 /* CoreDateMoves.xcdatamodeld in Sources */,
				8AD3A49519C927F700B615A5 /* OnboardingContentViewController.m in Sources */,
				8A1D4C1719CD238E00F27A3C /* ALPickerViewCell.m in Sources */,
				8A04AF4D19C839FF000212E7 /* SMS_MBProgressHUD+Add.m in Sources */,
				8AB1ABE019CFA79900017485 /* yuan2_zj.m in Sources */,
				8A4113F119D92EA8002F2575 /* SportDetailViewController.m in Sources */,
				8A04AF0E19C5E8F4000212E7 /* CoreDataDAO.m in Sources */,
				8AC7F82419DF8FA6008C2934 /* RTSpinKitFadingCircleAnimation.m in Sources */,
				8A04AF3F19C839E6000212E7 /* SectionsViewControllerFriends.m in Sources */,
				8A04AF0B19C5D2E0000212E7 /* LMSportBL.m in Sources */,
				8AC7F82819DF8FA6008C2934 /* RTSpinKitWanderingCubesAnimation.m in Sources */,
				8AC7F83619DFEEC9008C2934 /* CHTumblrMenuView.m in Sources */,
				8A04AF4119C839E6000212E7 /* VerifyViewController.m in Sources */,
				8AC7F81F19DF8FA6008C2934 /* RTSpinKitBounceAnimation.m in Sources */,
				8A04AF4E19C839FF000212E7 /* SMS_MBProgressHUD.m in Sources */,
				8A04AF1519C6C0E2000212E7 /* UserActDA.m in Sources */,
				8AC7F82019DF8FA6008C2934 /* RTSpinKitChasingDotsAnimation.m in Sources */,
				8AC7F81E19DF8FA6008C2934 /* RTSpinKitArcAnimation.m in Sources */,
				8A04AF3E19C839E6000212E7 /* SectionsViewController.m in Sources */,
				8AC7F82B19DF8FA6008C2934 /* RTSpinKitUtils.m in Sources */,
				8AB1AC3719D80A0A00017485 /* SMPageControl.m in Sources */,
				8AC7F82519DF8FA6008C2934 /* RTSpinKitPlaneAnimation.m in Sources */,
				8AD3A49619C927F700B615A5 /* OnboardingViewController.m in Sources */,
				8A1D4C2219CD683E00F27A3C /* LMContainsLMComboxScrollView.m in Sources */,
				8A1D4C1119CD237D00F27A3C /* CYCustomMultiSelectPickerView.m in Sources */,
			);
			runOnlyForDeploymentPostprocessing = 0;
		};
		8A33785519C5C656008B9AF5 /* Sources */ = {
			isa = PBXSourcesBuildPhase;
			buildActionMask = 2147483647;
			files = (
				8A33786719C5C656008B9AF5 /* LikeMovesTests.m in Sources */,
			);
			runOnlyForDeploymentPostprocessing = 0;
		};
/* End PBXSourcesBuildPhase section */

/* Begin PBXTargetDependency section */
		8A33785F19C5C656008B9AF5 /* PBXTargetDependency */ = {
			isa = PBXTargetDependency;
			target = 8A33783419C5C656008B9AF5 /* LikeMoves */;
			targetProxy = 8A33785E19C5C656008B9AF5 /* PBXContainerItemProxy */;
		};
/* End PBXTargetDependency section */

/* Begin PBXVariantGroup section */
		8A33784119C5C656008B9AF5 /* InfoPlist.strings */ = {
			isa = PBXVariantGroup;
			children = (
				8A33784219C5C656008B9AF5 /* en */,
			);
			name = InfoPlist.strings;
			sourceTree = "<group>";
		};
		8A33784A19C5C656008B9AF5 /* Main.storyboard */ = {
			isa = PBXVariantGroup;
			children = (
				8A33784B19C5C656008B9AF5 /* Base */,
			);
			name = Main.storyboard;
			sourceTree = "<group>";
		};
		8A33786319C5C656008B9AF5 /* InfoPlist.strings */ = {
			isa = PBXVariantGroup;
			children = (
				8A33786419C5C656008B9AF5 /* en */,
			);
			name = InfoPlist.strings;
			sourceTree = "<group>";
		};
/* End PBXVariantGroup section */

/* Begin XCBuildConfiguration section */
		8A33786819C5C656008B9AF5 /* Debug */ = {
			isa = XCBuildConfiguration;
			buildSettings = {
				ALWAYS_SEARCH_USER_PATHS = NO;
				CLANG_CXX_LANGUAGE_STANDARD = "gnu++0x";
				CLANG_CXX_LIBRARY = "libc++";
				CLANG_ENABLE_MODULES = YES;
				CLANG_ENABLE_OBJC_ARC = YES;
				CLANG_WARN_BOOL_CONVERSION = YES;
				CLANG_WARN_CONSTANT_CONVERSION = YES;
				CLANG_WARN_DIRECT_OBJC_ISA_USAGE = YES_ERROR;
				CLANG_WARN_EMPTY_BODY = YES;
				CLANG_WARN_ENUM_CONVERSION = YES;
				CLANG_WARN_INT_CONVERSION = YES;
				CLANG_WARN_OBJC_ROOT_CLASS = YES_ERROR;
				CLANG_WARN__DUPLICATE_METHOD_MATCH = YES;
				"CODE_SIGN_IDENTITY[sdk=iphoneos*]" = "iPhone Developer";
				COPY_PHASE_STRIP = NO;
				GCC_C_LANGUAGE_STANDARD = gnu99;
				GCC_DYNAMIC_NO_PIC = NO;
				GCC_OPTIMIZATION_LEVEL = 0;
				GCC_PREPROCESSOR_DEFINITIONS = (
					"DEBUG=1",
					"$(inherited)",
				);
				GCC_SYMBOLS_PRIVATE_EXTERN = NO;
				GCC_WARN_64_TO_32_BIT_CONVERSION = YES;
				GCC_WARN_ABOUT_RETURN_TYPE = YES_ERROR;
				GCC_WARN_UNDECLARED_SELECTOR = YES;
				GCC_WARN_UNINITIALIZED_AUTOS = YES_AGGRESSIVE;
				GCC_WARN_UNUSED_FUNCTION = YES;
				GCC_WARN_UNUSED_VARIABLE = YES;
				IPHONEOS_DEPLOYMENT_TARGET = 7.0;
				ONLY_ACTIVE_ARCH = YES;
				SDKROOT = iphoneos;
			};
			name = Debug;
		};
		8A33786919C5C656008B9AF5 /* Release */ = {
			isa = XCBuildConfiguration;
			buildSettings = {
				ALWAYS_SEARCH_USER_PATHS = NO;
				CLANG_CXX_LANGUAGE_STANDARD = "gnu++0x";
				CLANG_CXX_LIBRARY = "libc++";
				CLANG_ENABLE_MODULES = YES;
				CLANG_ENABLE_OBJC_ARC = YES;
				CLANG_WARN_BOOL_CONVERSION = YES;
				CLANG_WARN_CONSTANT_CONVERSION = YES;
				CLANG_WARN_DIRECT_OBJC_ISA_USAGE = YES_ERROR;
				CLANG_WARN_EMPTY_BODY = YES;
				CLANG_WARN_ENUM_CONVERSION = YES;
				CLANG_WARN_INT_CONVERSION = YES;
				CLANG_WARN_OBJC_ROOT_CLASS = YES_ERROR;
				CLANG_WARN__DUPLICATE_METHOD_MATCH = YES;
				"CODE_SIGN_IDENTITY[sdk=iphoneos*]" = "iPhone Developer";
				COPY_PHASE_STRIP = YES;
				ENABLE_NS_ASSERTIONS = NO;
				GCC_C_LANGUAGE_STANDARD = gnu99;
				GCC_WARN_64_TO_32_BIT_CONVERSION = YES;
				GCC_WARN_ABOUT_RETURN_TYPE = YES_ERROR;
				GCC_WARN_UNDECLARED_SELECTOR = YES;
				GCC_WARN_UNINITIALIZED_AUTOS = YES_AGGRESSIVE;
				GCC_WARN_UNUSED_FUNCTION = YES;
				GCC_WARN_UNUSED_VARIABLE = YES;
				IPHONEOS_DEPLOYMENT_TARGET = 7.0;
				SDKROOT = iphoneos;
				VALIDATE_PRODUCT = YES;
			};
			name = Release;
		};
		8A33786B19C5C656008B9AF5 /* Debug */ = {
			isa = XCBuildConfiguration;
			baseConfigurationReference = 8537D76263BF40DE821C602A /* Pods.xcconfig */;
			buildSettings = {
				ASSETCATALOG_COMPILER_APPICON_NAME = AppIcon;
				ASSETCATALOG_COMPILER_LAUNCHIMAGE_NAME = LaunchImage;
				CODE_SIGN_IDENTITY = "iPhone Developer";
				FRAMEWORK_SEARCH_PATHS = (
					"$(inherited)",
					"$(PROJECT_DIR)/LikeMoves",
				);
				GCC_PRECOMPILE_PREFIX_HEADER = YES;
				GCC_PREFIX_HEADER = "LikeMoves/LikeMoves-Prefix.pch";
				INFOPLIST_FILE = "LikeMoves/LikeMoves-Info.plist";
				IPHONEOS_DEPLOYMENT_TARGET = 7.0;
				PRODUCT_NAME = "$(TARGET_NAME)";
				WRAPPER_EXTENSION = app;
			};
			name = Debug;
		};
		8A33786C19C5C656008B9AF5 /* Release */ = {
			isa = XCBuildConfiguration;
			baseConfigurationReference = 8537D76263BF40DE821C602A /* Pods.xcconfig */;
			buildSettings = {
				ASSETCATALOG_COMPILER_APPICON_NAME = AppIcon;
				ASSETCATALOG_COMPILER_LAUNCHIMAGE_NAME = LaunchImage;
				CODE_SIGN_IDENTITY = "iPhone Developer";
				FRAMEWORK_SEARCH_PATHS = (
					"$(inherited)",
					"$(PROJECT_DIR)/LikeMoves",
				);
				GCC_PRECOMPILE_PREFIX_HEADER = YES;
				GCC_PREFIX_HEADER = "LikeMoves/LikeMoves-Prefix.pch";
				INFOPLIST_FILE = "LikeMoves/LikeMoves-Info.plist";
				IPHONEOS_DEPLOYMENT_TARGET = 7.0;
				PRODUCT_NAME = "$(TARGET_NAME)";
				WRAPPER_EXTENSION = app;
			};
			name = Release;
		};
		8A33786E19C5C656008B9AF5 /* Debug */ = {
			isa = XCBuildConfiguration;
			buildSettings = {
				BUNDLE_LOADER = "$(BUILT_PRODUCTS_DIR)/LikeMoves.app/LikeMoves";
				FRAMEWORK_SEARCH_PATHS = (
					"$(SDKROOT)/Developer/Library/Frameworks",
					"$(inherited)",
					"$(DEVELOPER_FRAMEWORKS_DIR)",
				);
				GCC_PRECOMPILE_PREFIX_HEADER = YES;
				GCC_PREFIX_HEADER = "LikeMoves/LikeMoves-Prefix.pch";
				GCC_PREPROCESSOR_DEFINITIONS = (
					"DEBUG=1",
					"$(inherited)",
				);
				INFOPLIST_FILE = "LikeMovesTests/LikeMovesTests-Info.plist";
				PRODUCT_NAME = "$(TARGET_NAME)";
				TEST_HOST = "$(BUNDLE_LOADER)";
				WRAPPER_EXTENSION = xctest;
			};
			name = Debug;
		};
		8A33786F19C5C656008B9AF5 /* Release */ = {
			isa = XCBuildConfiguration;
			buildSettings = {
				BUNDLE_LOADER = "$(BUILT_PRODUCTS_DIR)/LikeMoves.app/LikeMoves";
				FRAMEWORK_SEARCH_PATHS = (
					"$(SDKROOT)/Developer/Library/Frameworks",
					"$(inherited)",
					"$(DEVELOPER_FRAMEWORKS_DIR)",
				);
				GCC_PRECOMPILE_PREFIX_HEADER = YES;
				GCC_PREFIX_HEADER = "LikeMoves/LikeMoves-Prefix.pch";
				INFOPLIST_FILE = "LikeMovesTests/LikeMovesTests-Info.plist";
				PRODUCT_NAME = "$(TARGET_NAME)";
				TEST_HOST = "$(BUNDLE_LOADER)";
				WRAPPER_EXTENSION = xctest;
			};
			name = Release;
		};
/* End XCBuildConfiguration section */

/* Begin XCConfigurationList section */
		8A33783019C5C656008B9AF5 /* Build configuration list for PBXProject "LikeMoves" */ = {
			isa = XCConfigurationList;
			buildConfigurations = (
				8A33786819C5C656008B9AF5 /* Debug */,
				8A33786919C5C656008B9AF5 /* Release */,
			);
			defaultConfigurationIsVisible = 0;
			defaultConfigurationName = Release;
		};
		8A33786A19C5C656008B9AF5 /* Build configuration list for PBXNativeTarget "LikeMoves" */ = {
			isa = XCConfigurationList;
			buildConfigurations = (
				8A33786B19C5C656008B9AF5 /* Debug */,
				8A33786C19C5C656008B9AF5 /* Release */,
			);
			defaultConfigurationIsVisible = 0;
			defaultConfigurationName = Release;
		};
		8A33786D19C5C656008B9AF5 /* Build configuration list for PBXNativeTarget "LikeMovesTests" */ = {
			isa = XCConfigurationList;
			buildConfigurations = (
				8A33786E19C5C656008B9AF5 /* Debug */,
				8A33786F19C5C656008B9AF5 /* Release */,
			);
			defaultConfigurationIsVisible = 0;
			defaultConfigurationName = Release;
		};
/* End XCConfigurationList section */

/* Begin XCVersionGroup section */
		8A04AF1619C6C1A1000212E7 /* CoreDateMoves.xcdatamodeld */ = {
			isa = XCVersionGroup;
			children = (
				8A04AF1719C6C1A1000212E7 /* CoreDateMoves.xcdatamodel */,
			);
			currentVersion = 8A04AF1719C6C1A1000212E7 /* CoreDateMoves.xcdatamodel */;
			path = CoreDateMoves.xcdatamodeld;
			sourceTree = "<group>";
			versionGroupType = wrapper.xcdatamodel;
		};
/* End XCVersionGroup section */
	};
	rootObject = 8A33782D19C5C656008B9AF5 /* Project object */;
}
